
Microsoft Visual Studio Solution File, Format Version 10.00
# Visual Studio 2008
Project("{8BC9CEB8-8B4A-11D0-8D11-00A0C91BC942}") = "dvbe4sage", "dvbe4sage\dvbe4sage.vcproj", "{8430C1C1-BF46-4DBF-B5BD-069E8B6AF0F3}"
	ProjectSection(ProjectDependencies) = postProject
		{AD83B5B3-DD1E-43A2-B18B-987DB2C30148} = {AD83B5B3-DD1E-43A2-B18B-987DB2C30148}
		{6F60F9F5-2A63-4CB9-A66B-D70DA0B74EBB} = {6F60F9F5-2A63-4CB9-A66B-D70DA0B74EBB}
	EndProjectSection
EndProject
Project("{8BC9CEB8-8B4A-11D0-8D11-00A0C91BC942}") = "encoder", "encoder\encoder.vcproj", "{AD83B5B3-DD1E-43A2-B18B-987DB2C30148}"
	ProjectSection(ProjectDependencies) = postProject
		{6F60F9F5-2A63-4CB9-A66B-D70DA0B74EBB} = {6F60F9F5-2A63-4CB9-A66B-D70DA0B74EBB}
	EndProjectSection
EndProject
Project("{8BC9CEB8-8B4A-11D0-8D11-00A0C91BC942}") = "nativeservice", "nativeservice\nativeservice.vcproj", "{DD56624A-0716-4020-8BEC-1A1450EFF50D}"
	ProjectSection(ProjectDependencies) = postProject
		{AD83B5B3-DD1E-43A2-B18B-987DB2C30148} = {AD83B5B3-DD1E-43A2-B18B-987DB2C30148}
		{6F60F9F5-2A63-4CB9-A66B-D70DA0B74EBB} = {6F60F9F5-2A63-4CB9-A66B-D70DA0B74EBB}
	EndProjectSection
EndProject
Project("{8BC9CEB8-8B4A-11D0-8D11-00A0C91BC942}") = "svnrevision", "svnrevision\svnrevision.vcproj", "{6F60F9F5-2A63-4CB9-A66B-D70DA0B74EBB}"
EndProject
Global
	GlobalSection(SolutionConfigurationPlatforms) = preSolution
		Debug|Win32 = Debug|Win32
		Release|Win32 = Release|Win32
	EndGlobalSection
	GlobalSection(ProjectConfigurationPlatforms) = postSolution
		{8430C1C1-BF46-4DBF-B5BD-069E8B6AF0F3}.Debug|Win32.ActiveCfg = Debug|Win32
		{8430C1C1-BF46-4DBF-B5BD-069E8B6AF0F3}.Debug|Win32.Build.0 = Debug|Win32
		{8430C1C1-BF46-4DBF-B5BD-069E8B6AF0F3}.Release|Win32.ActiveCfg = Release|Win32
		{8430C1C1-BF46-4DBF-B5BD-069E8B6AF0F3}.Release|Win32.Build.0 = Release|Win32
		{AD83B5B3-DD1E-43A2-B18B-987DB2C30148}.Debug|Win32.ActiveCfg = Debug|Win32
		{AD83B5B3-DD1E-43A2-B18B-987DB2C30148}.Debug|Win32.Build.0 = Debug|Win32
		{AD83B5B3-DD1E-43A2-B18B-987DB2C30148}.Release|Win32.ActiveCfg = Release|Win32
		{AD83B5B3-DD1E-43A2-B18B-987DB2C30148}.Release|Win32.Build.0 = Release|Win32
		{DD56624A-0716-4020-8BEC-1A1450EFF50D}.Debug|Win32.ActiveCfg = Debug|Win32
		{DD56624A-0716-4020-8BEC-1A1450EFF50D}.Debug|Win32.Build.0 = Debug|Win32
		{DD56624A-0716-4020-8BEC-1A1450EFF50D}.Release|Win32.ActiveCfg = Release|Win32
		{DD56624A-0716-4020-8BEC-1A1450EFF50D}.Release|Win32.Build.0 = Release|Win32
		{6F60F9F5-2A63-4CB9-A66B-D70DA0B74EBB}.Debug|Win32.ActiveCfg = Debug|Win32
		{6F60F9F5-2A63-4CB9-A66B-D70DA0B74EBB}.Debug|Win32.Build.0 = Debug|Win32
		{6F60F9F5-2A63-4CB9-A66B-D70DA0B74EBB}.Release|Win32.ActiveCfg = Release|Win32
	EndGlobalSection
	GlobalSection(SolutionProperties) = preSolution
		HideSolutionNode = FALSE
	EndGlobalSection
	GlobalSection(SubversionScc) = preSolution
		Svn-Managed = True
		Manager = AnkhSVN - Subversion Support for Visual Studio
	EndGlobalSection
	GlobalSection(DPCodeReviewSolutionGUID) = preSolution
		DPCodeReviewSolutionGUID = {00000000-0000-0000-0000-000000000000}
	EndGlobalSection
EndGlobal
