
Microsoft Visual Studio Solution File, Format Version 10.00
# Visual Studio 2008
Project("{8BC9CEB8-8B4A-11D0-8D11-00A0C91BC942}") = "dvbe4sage", "dvbe4sage\dvbe4sage.vcproj", "{8430C1C1-BF46-4DBF-B5BD-069E8B6AF0F3}"
	ProjectSection(ProjectDependencies) = postProject
		{AD83B5B3-DD1E-43A2-B18B-987DB2C30148} = {AD83B5B3-DD1E-43A2-B18B-987DB2C30148}
	EndProjectSection
EndProject
Project("{8BC9CEB8-8B4A-11D0-8D11-00A0C91BC942}") = "encoder", "encoder\encoder.vcproj", "{AD83B5B3-DD1E-43A2-B18B-987DB2C30148}"
	ProjectSection(ProjectDependencies) = postProject
		{0B56BE2A-BF3A-411D-975E-CF6EF6F1B566} = {0B56BE2A-BF3A-411D-975E-CF6EF6F1B566}
		{E8A3F6FA-AE1C-4C8E-A0B6-9C8480324EAA} = {E8A3F6FA-AE1C-4C8E-A0B6-9C8480324EAA}
	EndProjectSection
EndProject
Project("{FAE04EC0-301F-11D3-BF4B-00C04F79EFBC}") = "dvbe4sagesvc", "dvbe4sagesvc\dvbe4sagesvc.csproj", "{DE1E261E-DB9A-4D5B-9B9C-7A3A72832B17}"
	ProjectSection(ProjectDependencies) = postProject
		{AD83B5B3-DD1E-43A2-B18B-987DB2C30148} = {AD83B5B3-DD1E-43A2-B18B-987DB2C30148}
	EndProjectSection
EndProject
Project("{54435603-DBB4-11D2-8724-00A0C9A8B90C}") = "dvbe4sageSetup", "dvbe4sageSetup\dvbe4sageSetup.vdproj", "{80EC0583-498F-4864-ABBA-DADC3B5EDCA2}"
EndProject
Project("{8BC9CEB8-8B4A-11D0-8D11-00A0C91BC942}") = "FFdecsa", "FFdecsa\FFdecsa.vcproj", "{0B56BE2A-BF3A-411D-975E-CF6EF6F1B566}"
EndProject
Project("{8BC9CEB8-8B4A-11D0-8D11-00A0C91BC942}") = "FFdecsa_test", "FFdecsa\FFdecsa_test.vcproj", "{CD1DB5C3-3522-45A7-866B-FA92C6BD6A23}"
	ProjectSection(ProjectDependencies) = postProject
		{0B56BE2A-BF3A-411D-975E-CF6EF6F1B566} = {0B56BE2A-BF3A-411D-975E-CF6EF6F1B566}
	EndProjectSection
EndProject
Project("{8BC9CEB8-8B4A-11D0-8D11-00A0C91BC942}") = "BaseClasses", "3rdparty\baseclasses\baseclasses.vcproj", "{E8A3F6FA-AE1C-4C8E-A0B6-9C8480324EAA}"
EndProject
Global
	GlobalSection(DPCodeReviewSolutionGUID) = preSolution
		DPCodeReviewSolutionGUID = {00000000-0000-0000-0000-000000000000}
	EndGlobalSection
	GlobalSection(SubversionScc) = preSolution
		Svn-Managed = True
		Manager = AnkhSVN - Subversion Support for Visual Studio
	EndGlobalSection
	GlobalSection(SolutionConfigurationPlatforms) = preSolution
		Debug - Parallel 128 from 16 Char|Win32 = Debug - Parallel 128 from 16 Char|Win32
		Debug - Parallel 128 from 16 Char|x64 = Debug - Parallel 128 from 16 Char|x64
		Debug - Parallel 128 from 16 CharA|Win32 = Debug - Parallel 128 from 16 CharA|Win32
		Debug - Parallel 128 from 16 CharA|x64 = Debug - Parallel 128 from 16 CharA|x64
		Debug - Parallel 128 from 2 64 bit Long|Win32 = Debug - Parallel 128 from 2 64 bit Long|Win32
		Debug - Parallel 128 from 2 64 bit Long|x64 = Debug - Parallel 128 from 2 64 bit Long|x64
		Debug - Parallel 128 from 2 MMX|Win32 = Debug - Parallel 128 from 2 MMX|Win32
		Debug - Parallel 128 from 2 MMX|x64 = Debug - Parallel 128 from 2 MMX|x64
		Debug - Parallel 128 from 4 Int|Win32 = Debug - Parallel 128 from 4 Int|Win32
		Debug - Parallel 128 from 4 Int|x64 = Debug - Parallel 128 from 4 Int|x64
		Debug - Parallel 128 from SSE|Win32 = Debug - Parallel 128 from SSE|Win32
		Debug - Parallel 128 from SSE|x64 = Debug - Parallel 128 from SSE|x64
		Debug - Parallel 128 from SSE2|Win32 = Debug - Parallel 128 from SSE2|Win32
		Debug - Parallel 128 from SSE2|x64 = Debug - Parallel 128 from SSE2|x64
		Debug - Parallel 32 from 4 Char|Win32 = Debug - Parallel 32 from 4 Char|Win32
		Debug - Parallel 32 from 4 Char|x64 = Debug - Parallel 32 from 4 Char|x64
		Debug - Parallel 32 from 4 CharA|Win32 = Debug - Parallel 32 from 4 CharA|Win32
		Debug - Parallel 32 from 4 CharA|x64 = Debug - Parallel 32 from 4 CharA|x64
		Debug - Parallel 32 from Int|Win32 = Debug - Parallel 32 from Int|Win32
		Debug - Parallel 32 from Int|x64 = Debug - Parallel 32 from Int|x64
		Debug - Parallel 64 from 2 Int|Win32 = Debug - Parallel 64 from 2 Int|Win32
		Debug - Parallel 64 from 2 Int|x64 = Debug - Parallel 64 from 2 Int|x64
		Debug - Parallel 64 from 64 bit Long|Win32 = Debug - Parallel 64 from 64 bit Long|Win32
		Debug - Parallel 64 from 64 bit Long|x64 = Debug - Parallel 64 from 64 bit Long|x64
		Debug - Parallel 64 from 8 Char|Win32 = Debug - Parallel 64 from 8 Char|Win32
		Debug - Parallel 64 from 8 Char|x64 = Debug - Parallel 64 from 8 Char|x64
		Debug - Parallel 64 from 8 CharA|Win32 = Debug - Parallel 64 from 8 CharA|Win32
		Debug - Parallel 64 from 8 CharA|x64 = Debug - Parallel 64 from 8 CharA|x64
		Debug - Parallel 64 from MMX|Win32 = Debug - Parallel 64 from MMX|Win32
		Debug - Parallel 64 from MMX|x64 = Debug - Parallel 64 from MMX|x64
		Debug_MBCS|Win32 = Debug_MBCS|Win32
		Debug_MBCS|x64 = Debug_MBCS|x64
		Debug|Win32 = Debug|Win32
		Debug|x64 = Debug|x64
		Release - Parallel 128 from 16 Char|Win32 = Release - Parallel 128 from 16 Char|Win32
		Release - Parallel 128 from 16 Char|x64 = Release - Parallel 128 from 16 Char|x64
		Release - Parallel 128 from 16 CharA|Win32 = Release - Parallel 128 from 16 CharA|Win32
		Release - Parallel 128 from 16 CharA|x64 = Release - Parallel 128 from 16 CharA|x64
		Release - Parallel 128 from 2 64 bit Long|Win32 = Release - Parallel 128 from 2 64 bit Long|Win32
		Release - Parallel 128 from 2 64 bit Long|x64 = Release - Parallel 128 from 2 64 bit Long|x64
		Release - Parallel 128 from 2 MMX|Win32 = Release - Parallel 128 from 2 MMX|Win32
		Release - Parallel 128 from 2 MMX|x64 = Release - Parallel 128 from 2 MMX|x64
		Release - Parallel 128 from 4 Int|Win32 = Release - Parallel 128 from 4 Int|Win32
		Release - Parallel 128 from 4 Int|x64 = Release - Parallel 128 from 4 Int|x64
		Release - Parallel 128 from SSE|Win32 = Release - Parallel 128 from SSE|Win32
		Release - Parallel 128 from SSE|x64 = Release - Parallel 128 from SSE|x64
		Release - Parallel 128 from SSE2|Win32 = Release - Parallel 128 from SSE2|Win32
		Release - Parallel 128 from SSE2|x64 = Release - Parallel 128 from SSE2|x64
		Release - Parallel 32 from 4 Char|Win32 = Release - Parallel 32 from 4 Char|Win32
		Release - Parallel 32 from 4 Char|x64 = Release - Parallel 32 from 4 Char|x64
		Release - Parallel 32 from 4 CharA|Win32 = Release - Parallel 32 from 4 CharA|Win32
		Release - Parallel 32 from 4 CharA|x64 = Release - Parallel 32 from 4 CharA|x64
		Release - Parallel 32 from Int|Win32 = Release - Parallel 32 from Int|Win32
		Release - Parallel 32 from Int|x64 = Release - Parallel 32 from Int|x64
		Release - Parallel 64 from 2 Int|Win32 = Release - Parallel 64 from 2 Int|Win32
		Release - Parallel 64 from 2 Int|x64 = Release - Parallel 64 from 2 Int|x64
		Release - Parallel 64 from 64 bit Long|Win32 = Release - Parallel 64 from 64 bit Long|Win32
		Release - Parallel 64 from 64 bit Long|x64 = Release - Parallel 64 from 64 bit Long|x64
		Release - Parallel 64 from 8 Char|Win32 = Release - Parallel 64 from 8 Char|Win32
		Release - Parallel 64 from 8 Char|x64 = Release - Parallel 64 from 8 Char|x64
		Release - Parallel 64 from 8 CharA|Win32 = Release - Parallel 64 from 8 CharA|Win32
		Release - Parallel 64 from 8 CharA|x64 = Release - Parallel 64 from 8 CharA|x64
		Release - Parallel 64 from MMX|Win32 = Release - Parallel 64 from MMX|Win32
		Release - Parallel 64 from MMX|x64 = Release - Parallel 64 from MMX|x64
		Release_MBCS|Win32 = Release_MBCS|Win32
		Release_MBCS|x64 = Release_MBCS|x64
		Release|Win32 = Release|Win32
		Release|x64 = Release|x64
	EndGlobalSection
	GlobalSection(ProjectConfigurationPlatforms) = postSolution
		{8430C1C1-BF46-4DBF-B5BD-069E8B6AF0F3}.Debug - Parallel 128 from 16 Char|Win32.ActiveCfg = Debug|Win32
		{8430C1C1-BF46-4DBF-B5BD-069E8B6AF0F3}.Debug - Parallel 128 from 16 Char|x64.ActiveCfg = Debug|Win32
		{8430C1C1-BF46-4DBF-B5BD-069E8B6AF0F3}.Debug - Parallel 128 from 16 CharA|Win32.ActiveCfg = Debug|Win32
		{8430C1C1-BF46-4DBF-B5BD-069E8B6AF0F3}.Debug - Parallel 128 from 16 CharA|x64.ActiveCfg = Debug|Win32
		{8430C1C1-BF46-4DBF-B5BD-069E8B6AF0F3}.Debug - Parallel 128 from 2 64 bit Long|Win32.ActiveCfg = Debug|Win32
		{8430C1C1-BF46-4DBF-B5BD-069E8B6AF0F3}.Debug - Parallel 128 from 2 64 bit Long|x64.ActiveCfg = Debug|Win32
		{8430C1C1-BF46-4DBF-B5BD-069E8B6AF0F3}.Debug - Parallel 128 from 2 MMX|Win32.ActiveCfg = Debug|Win32
		{8430C1C1-BF46-4DBF-B5BD-069E8B6AF0F3}.Debug - Parallel 128 from 2 MMX|x64.ActiveCfg = Debug|Win32
		{8430C1C1-BF46-4DBF-B5BD-069E8B6AF0F3}.Debug - Parallel 128 from 4 Int|Win32.ActiveCfg = Debug|Win32
		{8430C1C1-BF46-4DBF-B5BD-069E8B6AF0F3}.Debug - Parallel 128 from 4 Int|x64.ActiveCfg = Debug|Win32
		{8430C1C1-BF46-4DBF-B5BD-069E8B6AF0F3}.Debug - Parallel 128 from SSE|Win32.ActiveCfg = Debug|Win32
		{8430C1C1-BF46-4DBF-B5BD-069E8B6AF0F3}.Debug - Parallel 128 from SSE|x64.ActiveCfg = Debug|Win32
		{8430C1C1-BF46-4DBF-B5BD-069E8B6AF0F3}.Debug - Parallel 128 from SSE2|Win32.ActiveCfg = Debug|Win32
		{8430C1C1-BF46-4DBF-B5BD-069E8B6AF0F3}.Debug - Parallel 128 from SSE2|x64.ActiveCfg = Debug|Win32
		{8430C1C1-BF46-4DBF-B5BD-069E8B6AF0F3}.Debug - Parallel 32 from 4 Char|Win32.ActiveCfg = Debug|Win32
		{8430C1C1-BF46-4DBF-B5BD-069E8B6AF0F3}.Debug - Parallel 32 from 4 Char|x64.ActiveCfg = Debug|Win32
		{8430C1C1-BF46-4DBF-B5BD-069E8B6AF0F3}.Debug - Parallel 32 from 4 CharA|Win32.ActiveCfg = Debug|Win32
		{8430C1C1-BF46-4DBF-B5BD-069E8B6AF0F3}.Debug - Parallel 32 from 4 CharA|x64.ActiveCfg = Debug|Win32
		{8430C1C1-BF46-4DBF-B5BD-069E8B6AF0F3}.Debug - Parallel 32 from Int|Win32.ActiveCfg = Debug|Win32
		{8430C1C1-BF46-4DBF-B5BD-069E8B6AF0F3}.Debug - Parallel 32 from Int|x64.ActiveCfg = Debug|Win32
		{8430C1C1-BF46-4DBF-B5BD-069E8B6AF0F3}.Debug - Parallel 64 from 2 Int|Win32.ActiveCfg = Debug|Win32
		{8430C1C1-BF46-4DBF-B5BD-069E8B6AF0F3}.Debug - Parallel 64 from 2 Int|x64.ActiveCfg = Debug|Win32
		{8430C1C1-BF46-4DBF-B5BD-069E8B6AF0F3}.Debug - Parallel 64 from 64 bit Long|Win32.ActiveCfg = Debug|Win32
		{8430C1C1-BF46-4DBF-B5BD-069E8B6AF0F3}.Debug - Parallel 64 from 64 bit Long|x64.ActiveCfg = Debug|Win32
		{8430C1C1-BF46-4DBF-B5BD-069E8B6AF0F3}.Debug - Parallel 64 from 8 Char|Win32.ActiveCfg = Debug|Win32
		{8430C1C1-BF46-4DBF-B5BD-069E8B6AF0F3}.Debug - Parallel 64 from 8 Char|x64.ActiveCfg = Debug|Win32
		{8430C1C1-BF46-4DBF-B5BD-069E8B6AF0F3}.Debug - Parallel 64 from 8 CharA|Win32.ActiveCfg = Debug|Win32
		{8430C1C1-BF46-4DBF-B5BD-069E8B6AF0F3}.Debug - Parallel 64 from 8 CharA|x64.ActiveCfg = Debug|Win32
		{8430C1C1-BF46-4DBF-B5BD-069E8B6AF0F3}.Debug - Parallel 64 from MMX|Win32.ActiveCfg = Debug|Win32
		{8430C1C1-BF46-4DBF-B5BD-069E8B6AF0F3}.Debug - Parallel 64 from MMX|x64.ActiveCfg = Debug|Win32
		{8430C1C1-BF46-4DBF-B5BD-069E8B6AF0F3}.Debug_MBCS|Win32.ActiveCfg = Debug|Win32
		{8430C1C1-BF46-4DBF-B5BD-069E8B6AF0F3}.Debug_MBCS|x64.ActiveCfg = Debug|Win32
		{8430C1C1-BF46-4DBF-B5BD-069E8B6AF0F3}.Debug|Win32.ActiveCfg = Debug|Win32
		{8430C1C1-BF46-4DBF-B5BD-069E8B6AF0F3}.Debug|Win32.Build.0 = Debug|Win32
		{8430C1C1-BF46-4DBF-B5BD-069E8B6AF0F3}.Debug|x64.ActiveCfg = Debug|Win32
		{8430C1C1-BF46-4DBF-B5BD-069E8B6AF0F3}.Release - Parallel 128 from 16 Char|Win32.ActiveCfg = Release|Win32
		{8430C1C1-BF46-4DBF-B5BD-069E8B6AF0F3}.Release - Parallel 128 from 16 Char|x64.ActiveCfg = Release|Win32
		{8430C1C1-BF46-4DBF-B5BD-069E8B6AF0F3}.Release - Parallel 128 from 16 CharA|Win32.ActiveCfg = Release|Win32
		{8430C1C1-BF46-4DBF-B5BD-069E8B6AF0F3}.Release - Parallel 128 from 16 CharA|x64.ActiveCfg = Release|Win32
		{8430C1C1-BF46-4DBF-B5BD-069E8B6AF0F3}.Release - Parallel 128 from 2 64 bit Long|Win32.ActiveCfg = Release|Win32
		{8430C1C1-BF46-4DBF-B5BD-069E8B6AF0F3}.Release - Parallel 128 from 2 64 bit Long|x64.ActiveCfg = Release|Win32
		{8430C1C1-BF46-4DBF-B5BD-069E8B6AF0F3}.Release - Parallel 128 from 2 MMX|Win32.ActiveCfg = Release|Win32
		{8430C1C1-BF46-4DBF-B5BD-069E8B6AF0F3}.Release - Parallel 128 from 2 MMX|x64.ActiveCfg = Release|Win32
		{8430C1C1-BF46-4DBF-B5BD-069E8B6AF0F3}.Release - Parallel 128 from 4 Int|Win32.ActiveCfg = Release|Win32
		{8430C1C1-BF46-4DBF-B5BD-069E8B6AF0F3}.Release - Parallel 128 from 4 Int|x64.ActiveCfg = Release|Win32
		{8430C1C1-BF46-4DBF-B5BD-069E8B6AF0F3}.Release - Parallel 128 from SSE|Win32.ActiveCfg = Release|Win32
		{8430C1C1-BF46-4DBF-B5BD-069E8B6AF0F3}.Release - Parallel 128 from SSE|x64.ActiveCfg = Release|Win32
		{8430C1C1-BF46-4DBF-B5BD-069E8B6AF0F3}.Release - Parallel 128 from SSE2|Win32.ActiveCfg = Release|Win32
		{8430C1C1-BF46-4DBF-B5BD-069E8B6AF0F3}.Release - Parallel 128 from SSE2|x64.ActiveCfg = Release|Win32
		{8430C1C1-BF46-4DBF-B5BD-069E8B6AF0F3}.Release - Parallel 32 from 4 Char|Win32.ActiveCfg = Release|Win32
		{8430C1C1-BF46-4DBF-B5BD-069E8B6AF0F3}.Release - Parallel 32 from 4 Char|x64.ActiveCfg = Release|Win32
		{8430C1C1-BF46-4DBF-B5BD-069E8B6AF0F3}.Release - Parallel 32 from 4 CharA|Win32.ActiveCfg = Release|Win32
		{8430C1C1-BF46-4DBF-B5BD-069E8B6AF0F3}.Release - Parallel 32 from 4 CharA|x64.ActiveCfg = Release|Win32
		{8430C1C1-BF46-4DBF-B5BD-069E8B6AF0F3}.Release - Parallel 32 from Int|Win32.ActiveCfg = Release|Win32
		{8430C1C1-BF46-4DBF-B5BD-069E8B6AF0F3}.Release - Parallel 32 from Int|x64.ActiveCfg = Release|Win32
		{8430C1C1-BF46-4DBF-B5BD-069E8B6AF0F3}.Release - Parallel 64 from 2 Int|Win32.ActiveCfg = Release|Win32
		{8430C1C1-BF46-4DBF-B5BD-069E8B6AF0F3}.Release - Parallel 64 from 2 Int|x64.ActiveCfg = Release|Win32
		{8430C1C1-BF46-4DBF-B5BD-069E8B6AF0F3}.Release - Parallel 64 from 64 bit Long|Win32.ActiveCfg = Release|Win32
		{8430C1C1-BF46-4DBF-B5BD-069E8B6AF0F3}.Release - Parallel 64 from 64 bit Long|x64.ActiveCfg = Release|Win32
		{8430C1C1-BF46-4DBF-B5BD-069E8B6AF0F3}.Release - Parallel 64 from 8 Char|Win32.ActiveCfg = Release|Win32
		{8430C1C1-BF46-4DBF-B5BD-069E8B6AF0F3}.Release - Parallel 64 from 8 Char|x64.ActiveCfg = Release|Win32
		{8430C1C1-BF46-4DBF-B5BD-069E8B6AF0F3}.Release - Parallel 64 from 8 CharA|Win32.ActiveCfg = Release|Win32
		{8430C1C1-BF46-4DBF-B5BD-069E8B6AF0F3}.Release - Parallel 64 from 8 CharA|x64.ActiveCfg = Release|Win32
		{8430C1C1-BF46-4DBF-B5BD-069E8B6AF0F3}.Release - Parallel 64 from MMX|Win32.ActiveCfg = Release|Win32
		{8430C1C1-BF46-4DBF-B5BD-069E8B6AF0F3}.Release - Parallel 64 from MMX|x64.ActiveCfg = Release|Win32
		{8430C1C1-BF46-4DBF-B5BD-069E8B6AF0F3}.Release_MBCS|Win32.ActiveCfg = Release|Win32
		{8430C1C1-BF46-4DBF-B5BD-069E8B6AF0F3}.Release_MBCS|x64.ActiveCfg = Release|Win32
		{8430C1C1-BF46-4DBF-B5BD-069E8B6AF0F3}.Release|Win32.ActiveCfg = Release|Win32
		{8430C1C1-BF46-4DBF-B5BD-069E8B6AF0F3}.Release|Win32.Build.0 = Release|Win32
		{8430C1C1-BF46-4DBF-B5BD-069E8B6AF0F3}.Release|x64.ActiveCfg = Release|Win32
		{AD83B5B3-DD1E-43A2-B18B-987DB2C30148}.Debug - Parallel 128 from 16 Char|Win32.ActiveCfg = Debug|Win32
		{AD83B5B3-DD1E-43A2-B18B-987DB2C30148}.Debug - Parallel 128 from 16 Char|x64.ActiveCfg = Debug|Win32
		{AD83B5B3-DD1E-43A2-B18B-987DB2C30148}.Debug - Parallel 128 from 16 CharA|Win32.ActiveCfg = Debug|Win32
		{AD83B5B3-DD1E-43A2-B18B-987DB2C30148}.Debug - Parallel 128 from 16 CharA|x64.ActiveCfg = Debug|Win32
		{AD83B5B3-DD1E-43A2-B18B-987DB2C30148}.Debug - Parallel 128 from 2 64 bit Long|Win32.ActiveCfg = Debug|Win32
		{AD83B5B3-DD1E-43A2-B18B-987DB2C30148}.Debug - Parallel 128 from 2 64 bit Long|x64.ActiveCfg = Debug|Win32
		{AD83B5B3-DD1E-43A2-B18B-987DB2C30148}.Debug - Parallel 128 from 2 MMX|Win32.ActiveCfg = Debug|Win32
		{AD83B5B3-DD1E-43A2-B18B-987DB2C30148}.Debug - Parallel 128 from 2 MMX|x64.ActiveCfg = Debug|Win32
		{AD83B5B3-DD1E-43A2-B18B-987DB2C30148}.Debug - Parallel 128 from 4 Int|Win32.ActiveCfg = Debug|Win32
		{AD83B5B3-DD1E-43A2-B18B-987DB2C30148}.Debug - Parallel 128 from 4 Int|x64.ActiveCfg = Debug|Win32
		{AD83B5B3-DD1E-43A2-B18B-987DB2C30148}.Debug - Parallel 128 from SSE|Win32.ActiveCfg = Debug|Win32
		{AD83B5B3-DD1E-43A2-B18B-987DB2C30148}.Debug - Parallel 128 from SSE|x64.ActiveCfg = Debug|Win32
		{AD83B5B3-DD1E-43A2-B18B-987DB2C30148}.Debug - Parallel 128 from SSE2|Win32.ActiveCfg = Debug|Win32
		{AD83B5B3-DD1E-43A2-B18B-987DB2C30148}.Debug - Parallel 128 from SSE2|x64.ActiveCfg = Debug|Win32
		{AD83B5B3-DD1E-43A2-B18B-987DB2C30148}.Debug - Parallel 32 from 4 Char|Win32.ActiveCfg = Debug|Win32
		{AD83B5B3-DD1E-43A2-B18B-987DB2C30148}.Debug - Parallel 32 from 4 Char|x64.ActiveCfg = Debug|Win32
		{AD83B5B3-DD1E-43A2-B18B-987DB2C30148}.Debug - Parallel 32 from 4 CharA|Win32.ActiveCfg = Debug|Win32
		{AD83B5B3-DD1E-43A2-B18B-987DB2C30148}.Debug - Parallel 32 from 4 CharA|x64.ActiveCfg = Debug|Win32
		{AD83B5B3-DD1E-43A2-B18B-987DB2C30148}.Debug - Parallel 32 from Int|Win32.ActiveCfg = Debug|Win32
		{AD83B5B3-DD1E-43A2-B18B-987DB2C30148}.Debug - Parallel 32 from Int|x64.ActiveCfg = Debug|Win32
		{AD83B5B3-DD1E-43A2-B18B-987DB2C30148}.Debug - Parallel 64 from 2 Int|Win32.ActiveCfg = Debug|Win32
		{AD83B5B3-DD1E-43A2-B18B-987DB2C30148}.Debug - Parallel 64 from 2 Int|x64.ActiveCfg = Debug|Win32
		{AD83B5B3-DD1E-43A2-B18B-987DB2C30148}.Debug - Parallel 64 from 64 bit Long|Win32.ActiveCfg = Debug|Win32
		{AD83B5B3-DD1E-43A2-B18B-987DB2C30148}.Debug - Parallel 64 from 64 bit Long|x64.ActiveCfg = Debug|Win32
		{AD83B5B3-DD1E-43A2-B18B-987DB2C30148}.Debug - Parallel 64 from 8 Char|Win32.ActiveCfg = Debug|Win32
		{AD83B5B3-DD1E-43A2-B18B-987DB2C30148}.Debug - Parallel 64 from 8 Char|x64.ActiveCfg = Debug|Win32
		{AD83B5B3-DD1E-43A2-B18B-987DB2C30148}.Debug - Parallel 64 from 8 CharA|Win32.ActiveCfg = Debug|Win32
		{AD83B5B3-DD1E-43A2-B18B-987DB2C30148}.Debug - Parallel 64 from 8 CharA|x64.ActiveCfg = Debug|Win32
		{AD83B5B3-DD1E-43A2-B18B-987DB2C30148}.Debug - Parallel 64 from MMX|Win32.ActiveCfg = Debug|Win32
		{AD83B5B3-DD1E-43A2-B18B-987DB2C30148}.Debug - Parallel 64 from MMX|x64.ActiveCfg = Debug|Win32
		{AD83B5B3-DD1E-43A2-B18B-987DB2C30148}.Debug_MBCS|Win32.ActiveCfg = Debug|Win32
		{AD83B5B3-DD1E-43A2-B18B-987DB2C30148}.Debug_MBCS|x64.ActiveCfg = Debug|Win32
		{AD83B5B3-DD1E-43A2-B18B-987DB2C30148}.Debug|Win32.ActiveCfg = Debug|Win32
		{AD83B5B3-DD1E-43A2-B18B-987DB2C30148}.Debug|Win32.Build.0 = Debug|Win32
		{AD83B5B3-DD1E-43A2-B18B-987DB2C30148}.Debug|x64.ActiveCfg = Debug|Win32
		{AD83B5B3-DD1E-43A2-B18B-987DB2C30148}.Release - Parallel 128 from 16 Char|Win32.ActiveCfg = Release|Win32
		{AD83B5B3-DD1E-43A2-B18B-987DB2C30148}.Release - Parallel 128 from 16 Char|x64.ActiveCfg = Release|Win32
		{AD83B5B3-DD1E-43A2-B18B-987DB2C30148}.Release - Parallel 128 from 16 CharA|Win32.ActiveCfg = Release|Win32
		{AD83B5B3-DD1E-43A2-B18B-987DB2C30148}.Release - Parallel 128 from 16 CharA|x64.ActiveCfg = Release|Win32
		{AD83B5B3-DD1E-43A2-B18B-987DB2C30148}.Release - Parallel 128 from 2 64 bit Long|Win32.ActiveCfg = Release|Win32
		{AD83B5B3-DD1E-43A2-B18B-987DB2C30148}.Release - Parallel 128 from 2 64 bit Long|x64.ActiveCfg = Release|Win32
		{AD83B5B3-DD1E-43A2-B18B-987DB2C30148}.Release - Parallel 128 from 2 MMX|Win32.ActiveCfg = Release|Win32
		{AD83B5B3-DD1E-43A2-B18B-987DB2C30148}.Release - Parallel 128 from 2 MMX|x64.ActiveCfg = Release|Win32
		{AD83B5B3-DD1E-43A2-B18B-987DB2C30148}.Release - Parallel 128 from 4 Int|Win32.ActiveCfg = Release|Win32
		{AD83B5B3-DD1E-43A2-B18B-987DB2C30148}.Release - Parallel 128 from 4 Int|x64.ActiveCfg = Release|Win32
		{AD83B5B3-DD1E-43A2-B18B-987DB2C30148}.Release - Parallel 128 from SSE|Win32.ActiveCfg = Release|Win32
		{AD83B5B3-DD1E-43A2-B18B-987DB2C30148}.Release - Parallel 128 from SSE|x64.ActiveCfg = Release|Win32
		{AD83B5B3-DD1E-43A2-B18B-987DB2C30148}.Release - Parallel 128 from SSE2|Win32.ActiveCfg = Release|Win32
		{AD83B5B3-DD1E-43A2-B18B-987DB2C30148}.Release - Parallel 128 from SSE2|x64.ActiveCfg = Release|Win32
		{AD83B5B3-DD1E-43A2-B18B-987DB2C30148}.Release - Parallel 32 from 4 Char|Win32.ActiveCfg = Release|Win32
		{AD83B5B3-DD1E-43A2-B18B-987DB2C30148}.Release - Parallel 32 from 4 Char|x64.ActiveCfg = Release|Win32
		{AD83B5B3-DD1E-43A2-B18B-987DB2C30148}.Release - Parallel 32 from 4 CharA|Win32.ActiveCfg = Release|Win32
		{AD83B5B3-DD1E-43A2-B18B-987DB2C30148}.Release - Parallel 32 from 4 CharA|x64.ActiveCfg = Release|Win32
		{AD83B5B3-DD1E-43A2-B18B-987DB2C30148}.Release - Parallel 32 from Int|Win32.ActiveCfg = Release|Win32
		{AD83B5B3-DD1E-43A2-B18B-987DB2C30148}.Release - Parallel 32 from Int|x64.ActiveCfg = Release|Win32
		{AD83B5B3-DD1E-43A2-B18B-987DB2C30148}.Release - Parallel 64 from 2 Int|Win32.ActiveCfg = Release|Win32
		{AD83B5B3-DD1E-43A2-B18B-987DB2C30148}.Release - Parallel 64 from 2 Int|x64.ActiveCfg = Release|Win32
		{AD83B5B3-DD1E-43A2-B18B-987DB2C30148}.Release - Parallel 64 from 64 bit Long|Win32.ActiveCfg = Release|Win32
		{AD83B5B3-DD1E-43A2-B18B-987DB2C30148}.Release - Parallel 64 from 64 bit Long|x64.ActiveCfg = Release|Win32
		{AD83B5B3-DD1E-43A2-B18B-987DB2C30148}.Release - Parallel 64 from 8 Char|Win32.ActiveCfg = Release|Win32
		{AD83B5B3-DD1E-43A2-B18B-987DB2C30148}.Release - Parallel 64 from 8 Char|x64.ActiveCfg = Release|Win32
		{AD83B5B3-DD1E-43A2-B18B-987DB2C30148}.Release - Parallel 64 from 8 CharA|Win32.ActiveCfg = Release|Win32
		{AD83B5B3-DD1E-43A2-B18B-987DB2C30148}.Release - Parallel 64 from 8 CharA|x64.ActiveCfg = Release|Win32
		{AD83B5B3-DD1E-43A2-B18B-987DB2C30148}.Release - Parallel 64 from MMX|Win32.ActiveCfg = Release|Win32
		{AD83B5B3-DD1E-43A2-B18B-987DB2C30148}.Release - Parallel 64 from MMX|x64.ActiveCfg = Release|Win32
		{AD83B5B3-DD1E-43A2-B18B-987DB2C30148}.Release_MBCS|Win32.ActiveCfg = Release|Win32
		{AD83B5B3-DD1E-43A2-B18B-987DB2C30148}.Release_MBCS|x64.ActiveCfg = Release|Win32
		{AD83B5B3-DD1E-43A2-B18B-987DB2C30148}.Release|Win32.ActiveCfg = Release|Win32
		{AD83B5B3-DD1E-43A2-B18B-987DB2C30148}.Release|Win32.Build.0 = Release|Win32
		{AD83B5B3-DD1E-43A2-B18B-987DB2C30148}.Release|x64.ActiveCfg = Release|Win32
		{DE1E261E-DB9A-4D5B-9B9C-7A3A72832B17}.Debug - Parallel 128 from 16 Char|Win32.ActiveCfg = Debug|x86
		{DE1E261E-DB9A-4D5B-9B9C-7A3A72832B17}.Debug - Parallel 128 from 16 Char|x64.ActiveCfg = Debug|x64
		{DE1E261E-DB9A-4D5B-9B9C-7A3A72832B17}.Debug - Parallel 128 from 16 CharA|Win32.ActiveCfg = Debug|x86
		{DE1E261E-DB9A-4D5B-9B9C-7A3A72832B17}.Debug - Parallel 128 from 16 CharA|x64.ActiveCfg = Debug|x64
		{DE1E261E-DB9A-4D5B-9B9C-7A3A72832B17}.Debug - Parallel 128 from 2 64 bit Long|Win32.ActiveCfg = Debug|x86
		{DE1E261E-DB9A-4D5B-9B9C-7A3A72832B17}.Debug - Parallel 128 from 2 64 bit Long|x64.ActiveCfg = Debug|x64
		{DE1E261E-DB9A-4D5B-9B9C-7A3A72832B17}.Debug - Parallel 128 from 2 MMX|Win32.ActiveCfg = Debug|x86
		{DE1E261E-DB9A-4D5B-9B9C-7A3A72832B17}.Debug - Parallel 128 from 2 MMX|x64.ActiveCfg = Debug|x64
		{DE1E261E-DB9A-4D5B-9B9C-7A3A72832B17}.Debug - Parallel 128 from 4 Int|Win32.ActiveCfg = Debug|x86
		{DE1E261E-DB9A-4D5B-9B9C-7A3A72832B17}.Debug - Parallel 128 from 4 Int|x64.ActiveCfg = Debug|x64
		{DE1E261E-DB9A-4D5B-9B9C-7A3A72832B17}.Debug - Parallel 128 from SSE|Win32.ActiveCfg = Debug|x86
		{DE1E261E-DB9A-4D5B-9B9C-7A3A72832B17}.Debug - Parallel 128 from SSE|x64.ActiveCfg = Debug|x64
		{DE1E261E-DB9A-4D5B-9B9C-7A3A72832B17}.Debug - Parallel 128 from SSE2|Win32.ActiveCfg = Debug|x86
		{DE1E261E-DB9A-4D5B-9B9C-7A3A72832B17}.Debug - Parallel 128 from SSE2|x64.ActiveCfg = Debug|x64
		{DE1E261E-DB9A-4D5B-9B9C-7A3A72832B17}.Debug - Parallel 32 from 4 Char|Win32.ActiveCfg = Debug|x86
		{DE1E261E-DB9A-4D5B-9B9C-7A3A72832B17}.Debug - Parallel 32 from 4 Char|x64.ActiveCfg = Debug|x64
		{DE1E261E-DB9A-4D5B-9B9C-7A3A72832B17}.Debug - Parallel 32 from 4 CharA|Win32.ActiveCfg = Debug|x86
		{DE1E261E-DB9A-4D5B-9B9C-7A3A72832B17}.Debug - Parallel 32 from 4 CharA|x64.ActiveCfg = Debug|x64
		{DE1E261E-DB9A-4D5B-9B9C-7A3A72832B17}.Debug - Parallel 32 from Int|Win32.ActiveCfg = Debug|x86
		{DE1E261E-DB9A-4D5B-9B9C-7A3A72832B17}.Debug - Parallel 32 from Int|x64.ActiveCfg = Debug|x64
		{DE1E261E-DB9A-4D5B-9B9C-7A3A72832B17}.Debug - Parallel 64 from 2 Int|Win32.ActiveCfg = Debug|x86
		{DE1E261E-DB9A-4D5B-9B9C-7A3A72832B17}.Debug - Parallel 64 from 2 Int|x64.ActiveCfg = Debug|x64
		{DE1E261E-DB9A-4D5B-9B9C-7A3A72832B17}.Debug - Parallel 64 from 64 bit Long|Win32.ActiveCfg = Debug|x86
		{DE1E261E-DB9A-4D5B-9B9C-7A3A72832B17}.Debug - Parallel 64 from 64 bit Long|x64.ActiveCfg = Debug|x64
		{DE1E261E-DB9A-4D5B-9B9C-7A3A72832B17}.Debug - Parallel 64 from 8 Char|Win32.ActiveCfg = Debug|x86
		{DE1E261E-DB9A-4D5B-9B9C-7A3A72832B17}.Debug - Parallel 64 from 8 Char|x64.ActiveCfg = Debug|x64
		{DE1E261E-DB9A-4D5B-9B9C-7A3A72832B17}.Debug - Parallel 64 from 8 CharA|Win32.ActiveCfg = Debug|x86
		{DE1E261E-DB9A-4D5B-9B9C-7A3A72832B17}.Debug - Parallel 64 from 8 CharA|x64.ActiveCfg = Debug|x64
		{DE1E261E-DB9A-4D5B-9B9C-7A3A72832B17}.Debug - Parallel 64 from MMX|Win32.ActiveCfg = Debug|x86
		{DE1E261E-DB9A-4D5B-9B9C-7A3A72832B17}.Debug - Parallel 64 from MMX|x64.ActiveCfg = Debug|x64
		{DE1E261E-DB9A-4D5B-9B9C-7A3A72832B17}.Debug_MBCS|Win32.ActiveCfg = Debug|x86
		{DE1E261E-DB9A-4D5B-9B9C-7A3A72832B17}.Debug_MBCS|x64.ActiveCfg = Debug|x64
		{DE1E261E-DB9A-4D5B-9B9C-7A3A72832B17}.Debug|Win32.ActiveCfg = Debug|x86
		{DE1E261E-DB9A-4D5B-9B9C-7A3A72832B17}.Debug|Win32.Build.0 = Debug|x86
		{DE1E261E-DB9A-4D5B-9B9C-7A3A72832B17}.Debug|x64.ActiveCfg = Debug|x64
		{DE1E261E-DB9A-4D5B-9B9C-7A3A72832B17}.Debug|x64.Build.0 = Debug|x64
		{DE1E261E-DB9A-4D5B-9B9C-7A3A72832B17}.Release - Parallel 128 from 16 Char|Win32.ActiveCfg = Release|x86
		{DE1E261E-DB9A-4D5B-9B9C-7A3A72832B17}.Release - Parallel 128 from 16 Char|x64.ActiveCfg = Release|x64
		{DE1E261E-DB9A-4D5B-9B9C-7A3A72832B17}.Release - Parallel 128 from 16 CharA|Win32.ActiveCfg = Release|x86
		{DE1E261E-DB9A-4D5B-9B9C-7A3A72832B17}.Release - Parallel 128 from 16 CharA|x64.ActiveCfg = Release|x64
		{DE1E261E-DB9A-4D5B-9B9C-7A3A72832B17}.Release - Parallel 128 from 2 64 bit Long|Win32.ActiveCfg = Release|x86
		{DE1E261E-DB9A-4D5B-9B9C-7A3A72832B17}.Release - Parallel 128 from 2 64 bit Long|x64.ActiveCfg = Release|x64
		{DE1E261E-DB9A-4D5B-9B9C-7A3A72832B17}.Release - Parallel 128 from 2 MMX|Win32.ActiveCfg = Release|x86
		{DE1E261E-DB9A-4D5B-9B9C-7A3A72832B17}.Release - Parallel 128 from 2 MMX|x64.ActiveCfg = Release|x64
		{DE1E261E-DB9A-4D5B-9B9C-7A3A72832B17}.Release - Parallel 128 from 4 Int|Win32.ActiveCfg = Release|x86
		{DE1E261E-DB9A-4D5B-9B9C-7A3A72832B17}.Release - Parallel 128 from 4 Int|x64.ActiveCfg = Release|x64
		{DE1E261E-DB9A-4D5B-9B9C-7A3A72832B17}.Release - Parallel 128 from SSE|Win32.ActiveCfg = Release|x86
		{DE1E261E-DB9A-4D5B-9B9C-7A3A72832B17}.Release - Parallel 128 from SSE|x64.ActiveCfg = Release|x64
		{DE1E261E-DB9A-4D5B-9B9C-7A3A72832B17}.Release - Parallel 128 from SSE2|Win32.ActiveCfg = Release|x86
		{DE1E261E-DB9A-4D5B-9B9C-7A3A72832B17}.Release - Parallel 128 from SSE2|x64.ActiveCfg = Release|x64
		{DE1E261E-DB9A-4D5B-9B9C-7A3A72832B17}.Release - Parallel 32 from 4 Char|Win32.ActiveCfg = Release|x86
		{DE1E261E-DB9A-4D5B-9B9C-7A3A72832B17}.Release - Parallel 32 from 4 Char|x64.ActiveCfg = Release|x64
		{DE1E261E-DB9A-4D5B-9B9C-7A3A72832B17}.Release - Parallel 32 from 4 CharA|Win32.ActiveCfg = Release|x86
		{DE1E261E-DB9A-4D5B-9B9C-7A3A72832B17}.Release - Parallel 32 from 4 CharA|x64.ActiveCfg = Release|x64
		{DE1E261E-DB9A-4D5B-9B9C-7A3A72832B17}.Release - Parallel 32 from Int|Win32.ActiveCfg = Release|x86
		{DE1E261E-DB9A-4D5B-9B9C-7A3A72832B17}.Release - Parallel 32 from Int|x64.ActiveCfg = Release|x64
		{DE1E261E-DB9A-4D5B-9B9C-7A3A72832B17}.Release - Parallel 64 from 2 Int|Win32.ActiveCfg = Release|x86
		{DE1E261E-DB9A-4D5B-9B9C-7A3A72832B17}.Release - Parallel 64 from 2 Int|x64.ActiveCfg = Release|x64
		{DE1E261E-DB9A-4D5B-9B9C-7A3A72832B17}.Release - Parallel 64 from 64 bit Long|Win32.ActiveCfg = Release|x86
		{DE1E261E-DB9A-4D5B-9B9C-7A3A72832B17}.Release - Parallel 64 from 64 bit Long|x64.ActiveCfg = Release|x64
		{DE1E261E-DB9A-4D5B-9B9C-7A3A72832B17}.Release - Parallel 64 from 8 Char|Win32.ActiveCfg = Release|x86
		{DE1E261E-DB9A-4D5B-9B9C-7A3A72832B17}.Release - Parallel 64 from 8 Char|x64.ActiveCfg = Release|x64
		{DE1E261E-DB9A-4D5B-9B9C-7A3A72832B17}.Release - Parallel 64 from 8 CharA|Win32.ActiveCfg = Release|x86
		{DE1E261E-DB9A-4D5B-9B9C-7A3A72832B17}.Release - Parallel 64 from 8 CharA|x64.ActiveCfg = Release|x64
		{DE1E261E-DB9A-4D5B-9B9C-7A3A72832B17}.Release - Parallel 64 from MMX|Win32.ActiveCfg = Release|x86
		{DE1E261E-DB9A-4D5B-9B9C-7A3A72832B17}.Release - Parallel 64 from MMX|x64.ActiveCfg = Release|x64
		{DE1E261E-DB9A-4D5B-9B9C-7A3A72832B17}.Release_MBCS|Win32.ActiveCfg = Release|x86
		{DE1E261E-DB9A-4D5B-9B9C-7A3A72832B17}.Release_MBCS|x64.ActiveCfg = Release|x64
		{DE1E261E-DB9A-4D5B-9B9C-7A3A72832B17}.Release|Win32.ActiveCfg = Release|x86
		{DE1E261E-DB9A-4D5B-9B9C-7A3A72832B17}.Release|x64.ActiveCfg = Release|x64
		{DE1E261E-DB9A-4D5B-9B9C-7A3A72832B17}.Release|x64.Build.0 = Release|x64
		{80EC0583-498F-4864-ABBA-DADC3B5EDCA2}.Debug - Parallel 128 from 16 Char|Win32.ActiveCfg = Debug
		{80EC0583-498F-4864-ABBA-DADC3B5EDCA2}.Debug - Parallel 128 from 16 Char|x64.ActiveCfg = Debug
		{80EC0583-498F-4864-ABBA-DADC3B5EDCA2}.Debug - Parallel 128 from 16 CharA|Win32.ActiveCfg = Debug
		{80EC0583-498F-4864-ABBA-DADC3B5EDCA2}.Debug - Parallel 128 from 16 CharA|x64.ActiveCfg = Debug
		{80EC0583-498F-4864-ABBA-DADC3B5EDCA2}.Debug - Parallel 128 from 2 64 bit Long|Win32.ActiveCfg = Debug
		{80EC0583-498F-4864-ABBA-DADC3B5EDCA2}.Debug - Parallel 128 from 2 64 bit Long|x64.ActiveCfg = Debug
		{80EC0583-498F-4864-ABBA-DADC3B5EDCA2}.Debug - Parallel 128 from 2 MMX|Win32.ActiveCfg = Debug
		{80EC0583-498F-4864-ABBA-DADC3B5EDCA2}.Debug - Parallel 128 from 2 MMX|x64.ActiveCfg = Debug
		{80EC0583-498F-4864-ABBA-DADC3B5EDCA2}.Debug - Parallel 128 from 4 Int|Win32.ActiveCfg = Debug
		{80EC0583-498F-4864-ABBA-DADC3B5EDCA2}.Debug - Parallel 128 from 4 Int|x64.ActiveCfg = Debug
		{80EC0583-498F-4864-ABBA-DADC3B5EDCA2}.Debug - Parallel 128 from SSE|Win32.ActiveCfg = Debug
		{80EC0583-498F-4864-ABBA-DADC3B5EDCA2}.Debug - Parallel 128 from SSE|x64.ActiveCfg = Debug
		{80EC0583-498F-4864-ABBA-DADC3B5EDCA2}.Debug - Parallel 128 from SSE2|Win32.ActiveCfg = Debug
		{80EC0583-498F-4864-ABBA-DADC3B5EDCA2}.Debug - Parallel 128 from SSE2|x64.ActiveCfg = Debug
		{80EC0583-498F-4864-ABBA-DADC3B5EDCA2}.Debug - Parallel 32 from 4 Char|Win32.ActiveCfg = Debug
		{80EC0583-498F-4864-ABBA-DADC3B5EDCA2}.Debug - Parallel 32 from 4 Char|x64.ActiveCfg = Debug
		{80EC0583-498F-4864-ABBA-DADC3B5EDCA2}.Debug - Parallel 32 from 4 CharA|Win32.ActiveCfg = Debug
		{80EC0583-498F-4864-ABBA-DADC3B5EDCA2}.Debug - Parallel 32 from 4 CharA|x64.ActiveCfg = Debug
		{80EC0583-498F-4864-ABBA-DADC3B5EDCA2}.Debug - Parallel 32 from Int|Win32.ActiveCfg = Debug
		{80EC0583-498F-4864-ABBA-DADC3B5EDCA2}.Debug - Parallel 32 from Int|x64.ActiveCfg = Debug
		{80EC0583-498F-4864-ABBA-DADC3B5EDCA2}.Debug - Parallel 64 from 2 Int|Win32.ActiveCfg = Debug
		{80EC0583-498F-4864-ABBA-DADC3B5EDCA2}.Debug - Parallel 64 from 2 Int|x64.ActiveCfg = Debug
		{80EC0583-498F-4864-ABBA-DADC3B5EDCA2}.Debug - Parallel 64 from 64 bit Long|Win32.ActiveCfg = Debug
		{80EC0583-498F-4864-ABBA-DADC3B5EDCA2}.Debug - Parallel 64 from 64 bit Long|x64.ActiveCfg = Debug
		{80EC0583-498F-4864-ABBA-DADC3B5EDCA2}.Debug - Parallel 64 from 8 Char|Win32.ActiveCfg = Debug
		{80EC0583-498F-4864-ABBA-DADC3B5EDCA2}.Debug - Parallel 64 from 8 Char|x64.ActiveCfg = Debug
		{80EC0583-498F-4864-ABBA-DADC3B5EDCA2}.Debug - Parallel 64 from 8 CharA|Win32.ActiveCfg = Debug
		{80EC0583-498F-4864-ABBA-DADC3B5EDCA2}.Debug - Parallel 64 from 8 CharA|x64.ActiveCfg = Debug
		{80EC0583-498F-4864-ABBA-DADC3B5EDCA2}.Debug - Parallel 64 from MMX|Win32.ActiveCfg = Debug
		{80EC0583-498F-4864-ABBA-DADC3B5EDCA2}.Debug - Parallel 64 from MMX|x64.ActiveCfg = Debug
		{80EC0583-498F-4864-ABBA-DADC3B5EDCA2}.Debug_MBCS|Win32.ActiveCfg = Debug
		{80EC0583-498F-4864-ABBA-DADC3B5EDCA2}.Debug_MBCS|x64.ActiveCfg = Debug
		{80EC0583-498F-4864-ABBA-DADC3B5EDCA2}.Debug|Win32.ActiveCfg = Debug
		{80EC0583-498F-4864-ABBA-DADC3B5EDCA2}.Debug|x64.ActiveCfg = Debug
		{80EC0583-498F-4864-ABBA-DADC3B5EDCA2}.Release - Parallel 128 from 16 Char|Win32.ActiveCfg = Release
		{80EC0583-498F-4864-ABBA-DADC3B5EDCA2}.Release - Parallel 128 from 16 Char|x64.ActiveCfg = Release
		{80EC0583-498F-4864-ABBA-DADC3B5EDCA2}.Release - Parallel 128 from 16 CharA|Win32.ActiveCfg = Release
		{80EC0583-498F-4864-ABBA-DADC3B5EDCA2}.Release - Parallel 128 from 16 CharA|x64.ActiveCfg = Release
		{80EC0583-498F-4864-ABBA-DADC3B5EDCA2}.Release - Parallel 128 from 2 64 bit Long|Win32.ActiveCfg = Release
		{80EC0583-498F-4864-ABBA-DADC3B5EDCA2}.Release - Parallel 128 from 2 64 bit Long|x64.ActiveCfg = Release
		{80EC0583-498F-4864-ABBA-DADC3B5EDCA2}.Release - Parallel 128 from 2 MMX|Win32.ActiveCfg = Release
		{80EC0583-498F-4864-ABBA-DADC3B5EDCA2}.Release - Parallel 128 from 2 MMX|x64.ActiveCfg = Release
		{80EC0583-498F-4864-ABBA-DADC3B5EDCA2}.Release - Parallel 128 from 4 Int|Win32.ActiveCfg = Release
		{80EC0583-498F-4864-ABBA-DADC3B5EDCA2}.Release - Parallel 128 from 4 Int|x64.ActiveCfg = Release
		{80EC0583-498F-4864-ABBA-DADC3B5EDCA2}.Release - Parallel 128 from SSE|Win32.ActiveCfg = Release
		{80EC0583-498F-4864-ABBA-DADC3B5EDCA2}.Release - Parallel 128 from SSE|x64.ActiveCfg = Release
		{80EC0583-498F-4864-ABBA-DADC3B5EDCA2}.Release - Parallel 128 from SSE2|Win32.ActiveCfg = Release
		{80EC0583-498F-4864-ABBA-DADC3B5EDCA2}.Release - Parallel 128 from SSE2|x64.ActiveCfg = Release
		{80EC0583-498F-4864-ABBA-DADC3B5EDCA2}.Release - Parallel 32 from 4 Char|Win32.ActiveCfg = Release
		{80EC0583-498F-4864-ABBA-DADC3B5EDCA2}.Release - Parallel 32 from 4 Char|x64.ActiveCfg = Release
		{80EC0583-498F-4864-ABBA-DADC3B5EDCA2}.Release - Parallel 32 from 4 CharA|Win32.ActiveCfg = Release
		{80EC0583-498F-4864-ABBA-DADC3B5EDCA2}.Release - Parallel 32 from 4 CharA|x64.ActiveCfg = Release
		{80EC0583-498F-4864-ABBA-DADC3B5EDCA2}.Release - Parallel 32 from Int|Win32.ActiveCfg = Release
		{80EC0583-498F-4864-ABBA-DADC3B5EDCA2}.Release - Parallel 32 from Int|x64.ActiveCfg = Release
		{80EC0583-498F-4864-ABBA-DADC3B5EDCA2}.Release - Parallel 64 from 2 Int|Win32.ActiveCfg = Release
		{80EC0583-498F-4864-ABBA-DADC3B5EDCA2}.Release - Parallel 64 from 2 Int|x64.ActiveCfg = Release
		{80EC0583-498F-4864-ABBA-DADC3B5EDCA2}.Release - Parallel 64 from 64 bit Long|Win32.ActiveCfg = Release
		{80EC0583-498F-4864-ABBA-DADC3B5EDCA2}.Release - Parallel 64 from 64 bit Long|x64.ActiveCfg = Release
		{80EC0583-498F-4864-ABBA-DADC3B5EDCA2}.Release - Parallel 64 from 8 Char|Win32.ActiveCfg = Release
		{80EC0583-498F-4864-ABBA-DADC3B5EDCA2}.Release - Parallel 64 from 8 Char|x64.ActiveCfg = Release
		{80EC0583-498F-4864-ABBA-DADC3B5EDCA2}.Release - Parallel 64 from 8 CharA|Win32.ActiveCfg = Release
		{80EC0583-498F-4864-ABBA-DADC3B5EDCA2}.Release - Parallel 64 from 8 CharA|x64.ActiveCfg = Release
		{80EC0583-498F-4864-ABBA-DADC3B5EDCA2}.Release - Parallel 64 from MMX|Win32.ActiveCfg = Release
		{80EC0583-498F-4864-ABBA-DADC3B5EDCA2}.Release - Parallel 64 from MMX|x64.ActiveCfg = Release
		{80EC0583-498F-4864-ABBA-DADC3B5EDCA2}.Release_MBCS|Win32.ActiveCfg = Release
		{80EC0583-498F-4864-ABBA-DADC3B5EDCA2}.Release_MBCS|x64.ActiveCfg = Release
		{80EC0583-498F-4864-ABBA-DADC3B5EDCA2}.Release|Win32.ActiveCfg = Release
		{80EC0583-498F-4864-ABBA-DADC3B5EDCA2}.Release|Win32.Build.0 = Release
		{80EC0583-498F-4864-ABBA-DADC3B5EDCA2}.Release|x64.ActiveCfg = Release
		{80EC0583-498F-4864-ABBA-DADC3B5EDCA2}.Release|x64.Build.0 = Release
		{0B56BE2A-BF3A-411D-975E-CF6EF6F1B566}.Debug - Parallel 128 from 16 Char|Win32.ActiveCfg = Debug - Parallel 128 from 16 Char|Win32
		{0B56BE2A-BF3A-411D-975E-CF6EF6F1B566}.Debug - Parallel 128 from 16 Char|Win32.Build.0 = Debug - Parallel 128 from 16 Char|Win32
		{0B56BE2A-BF3A-411D-975E-CF6EF6F1B566}.Debug - Parallel 128 from 16 Char|x64.ActiveCfg = Debug - Parallel 128 from 16 Char|x64
		{0B56BE2A-BF3A-411D-975E-CF6EF6F1B566}.Debug - Parallel 128 from 16 Char|x64.Build.0 = Debug - Parallel 128 from 16 Char|x64
		{0B56BE2A-BF3A-411D-975E-CF6EF6F1B566}.Debug - Parallel 128 from 16 CharA|Win32.ActiveCfg = Debug - Parallel 128 from 16 CharA|Win32
		{0B56BE2A-BF3A-411D-975E-CF6EF6F1B566}.Debug - Parallel 128 from 16 CharA|Win32.Build.0 = Debug - Parallel 128 from 16 CharA|Win32
		{0B56BE2A-BF3A-411D-975E-CF6EF6F1B566}.Debug - Parallel 128 from 16 CharA|x64.ActiveCfg = Debug - Parallel 128 from 16 CharA|x64
		{0B56BE2A-BF3A-411D-975E-CF6EF6F1B566}.Debug - Parallel 128 from 16 CharA|x64.Build.0 = Debug - Parallel 128 from 16 CharA|x64
		{0B56BE2A-BF3A-411D-975E-CF6EF6F1B566}.Debug - Parallel 128 from 2 64 bit Long|Win32.ActiveCfg = Debug - Parallel 128 from 2 64 bit Long|Win32
		{0B56BE2A-BF3A-411D-975E-CF6EF6F1B566}.Debug - Parallel 128 from 2 64 bit Long|Win32.Build.0 = Debug - Parallel 128 from 2 64 bit Long|Win32
		{0B56BE2A-BF3A-411D-975E-CF6EF6F1B566}.Debug - Parallel 128 from 2 64 bit Long|x64.ActiveCfg = Debug - Parallel 128 from 2 64 bit Long|x64
		{0B56BE2A-BF3A-411D-975E-CF6EF6F1B566}.Debug - Parallel 128 from 2 64 bit Long|x64.Build.0 = Debug - Parallel 128 from 2 64 bit Long|x64
		{0B56BE2A-BF3A-411D-975E-CF6EF6F1B566}.Debug - Parallel 128 from 2 MMX|Win32.ActiveCfg = Debug - Parallel 128 from 2 MMX|Win32
		{0B56BE2A-BF3A-411D-975E-CF6EF6F1B566}.Debug - Parallel 128 from 2 MMX|Win32.Build.0 = Debug - Parallel 128 from 2 MMX|Win32
		{0B56BE2A-BF3A-411D-975E-CF6EF6F1B566}.Debug - Parallel 128 from 2 MMX|x64.ActiveCfg = Debug - Parallel 128 from 2 MMX|x64
		{0B56BE2A-BF3A-411D-975E-CF6EF6F1B566}.Debug - Parallel 128 from 2 MMX|x64.Build.0 = Debug - Parallel 128 from 2 MMX|x64
		{0B56BE2A-BF3A-411D-975E-CF6EF6F1B566}.Debug - Parallel 128 from 4 Int|Win32.ActiveCfg = Debug - Parallel 128 from 4 Int|Win32
		{0B56BE2A-BF3A-411D-975E-CF6EF6F1B566}.Debug - Parallel 128 from 4 Int|Win32.Build.0 = Debug - Parallel 128 from 4 Int|Win32
		{0B56BE2A-BF3A-411D-975E-CF6EF6F1B566}.Debug - Parallel 128 from 4 Int|x64.ActiveCfg = Debug - Parallel 128 from 4 Int|x64
		{0B56BE2A-BF3A-411D-975E-CF6EF6F1B566}.Debug - Parallel 128 from 4 Int|x64.Build.0 = Debug - Parallel 128 from 4 Int|x64
		{0B56BE2A-BF3A-411D-975E-CF6EF6F1B566}.Debug - Parallel 128 from SSE|Win32.ActiveCfg = Debug - Parallel 128 from SSE|Win32
		{0B56BE2A-BF3A-411D-975E-CF6EF6F1B566}.Debug - Parallel 128 from SSE|Win32.Build.0 = Debug - Parallel 128 from SSE|Win32
		{0B56BE2A-BF3A-411D-975E-CF6EF6F1B566}.Debug - Parallel 128 from SSE|x64.ActiveCfg = Debug - Parallel 128 from SSE|x64
		{0B56BE2A-BF3A-411D-975E-CF6EF6F1B566}.Debug - Parallel 128 from SSE|x64.Build.0 = Debug - Parallel 128 from SSE|x64
		{0B56BE2A-BF3A-411D-975E-CF6EF6F1B566}.Debug - Parallel 128 from SSE2|Win32.ActiveCfg = Debug - Parallel 128 from SSE2|Win32
		{0B56BE2A-BF3A-411D-975E-CF6EF6F1B566}.Debug - Parallel 128 from SSE2|Win32.Build.0 = Debug - Parallel 128 from SSE2|Win32
		{0B56BE2A-BF3A-411D-975E-CF6EF6F1B566}.Debug - Parallel 128 from SSE2|x64.ActiveCfg = Debug - Parallel 128 from SSE2|x64
		{0B56BE2A-BF3A-411D-975E-CF6EF6F1B566}.Debug - Parallel 128 from SSE2|x64.Build.0 = Debug - Parallel 128 from SSE2|x64
		{0B56BE2A-BF3A-411D-975E-CF6EF6F1B566}.Debug - Parallel 32 from 4 Char|Win32.ActiveCfg = Debug - Parallel 32 from 4 Char|Win32
		{0B56BE2A-BF3A-411D-975E-CF6EF6F1B566}.Debug - Parallel 32 from 4 Char|Win32.Build.0 = Debug - Parallel 32 from 4 Char|Win32
		{0B56BE2A-BF3A-411D-975E-CF6EF6F1B566}.Debug - Parallel 32 from 4 Char|x64.ActiveCfg = Debug - Parallel 32 from 4 Char|x64
		{0B56BE2A-BF3A-411D-975E-CF6EF6F1B566}.Debug - Parallel 32 from 4 Char|x64.Build.0 = Debug - Parallel 32 from 4 Char|x64
		{0B56BE2A-BF3A-411D-975E-CF6EF6F1B566}.Debug - Parallel 32 from 4 CharA|Win32.ActiveCfg = Debug - Parallel 32 from 4 CharA|Win32
		{0B56BE2A-BF3A-411D-975E-CF6EF6F1B566}.Debug - Parallel 32 from 4 CharA|Win32.Build.0 = Debug - Parallel 32 from 4 CharA|Win32
		{0B56BE2A-BF3A-411D-975E-CF6EF6F1B566}.Debug - Parallel 32 from 4 CharA|x64.ActiveCfg = Debug - Parallel 32 from 4 CharA|x64
		{0B56BE2A-BF3A-411D-975E-CF6EF6F1B566}.Debug - Parallel 32 from 4 CharA|x64.Build.0 = Debug - Parallel 32 from 4 CharA|x64
		{0B56BE2A-BF3A-411D-975E-CF6EF6F1B566}.Debug - Parallel 32 from Int|Win32.ActiveCfg = Debug - Parallel 32 from Int|Win32
		{0B56BE2A-BF3A-411D-975E-CF6EF6F1B566}.Debug - Parallel 32 from Int|Win32.Build.0 = Debug - Parallel 32 from Int|Win32
		{0B56BE2A-BF3A-411D-975E-CF6EF6F1B566}.Debug - Parallel 32 from Int|x64.ActiveCfg = Debug - Parallel 32 from Int|x64
		{0B56BE2A-BF3A-411D-975E-CF6EF6F1B566}.Debug - Parallel 32 from Int|x64.Build.0 = Debug - Parallel 32 from Int|x64
		{0B56BE2A-BF3A-411D-975E-CF6EF6F1B566}.Debug - Parallel 64 from 2 Int|Win32.ActiveCfg = Debug - Parallel 64 from 2 Int|Win32
		{0B56BE2A-BF3A-411D-975E-CF6EF6F1B566}.Debug - Parallel 64 from 2 Int|Win32.Build.0 = Debug - Parallel 64 from 2 Int|Win32
		{0B56BE2A-BF3A-411D-975E-CF6EF6F1B566}.Debug - Parallel 64 from 2 Int|x64.ActiveCfg = Debug - Parallel 64 from 2 Int|x64
		{0B56BE2A-BF3A-411D-975E-CF6EF6F1B566}.Debug - Parallel 64 from 2 Int|x64.Build.0 = Debug - Parallel 64 from 2 Int|x64
		{0B56BE2A-BF3A-411D-975E-CF6EF6F1B566}.Debug - Parallel 64 from 64 bit Long|Win32.ActiveCfg = Debug - Parallel 64 from 64 bit Long|Win32
		{0B56BE2A-BF3A-411D-975E-CF6EF6F1B566}.Debug - Parallel 64 from 64 bit Long|Win32.Build.0 = Debug - Parallel 64 from 64 bit Long|Win32
		{0B56BE2A-BF3A-411D-975E-CF6EF6F1B566}.Debug - Parallel 64 from 64 bit Long|x64.ActiveCfg = Debug - Parallel 64 from 64 bit Long|x64
		{0B56BE2A-BF3A-411D-975E-CF6EF6F1B566}.Debug - Parallel 64 from 64 bit Long|x64.Build.0 = Debug - Parallel 64 from 64 bit Long|x64
		{0B56BE2A-BF3A-411D-975E-CF6EF6F1B566}.Debug - Parallel 64 from 8 Char|Win32.ActiveCfg = Debug - Parallel 64 from 8 Char|Win32
		{0B56BE2A-BF3A-411D-975E-CF6EF6F1B566}.Debug - Parallel 64 from 8 Char|Win32.Build.0 = Debug - Parallel 64 from 8 Char|Win32
		{0B56BE2A-BF3A-411D-975E-CF6EF6F1B566}.Debug - Parallel 64 from 8 Char|x64.ActiveCfg = Debug - Parallel 64 from 8 Char|x64
		{0B56BE2A-BF3A-411D-975E-CF6EF6F1B566}.Debug - Parallel 64 from 8 Char|x64.Build.0 = Debug - Parallel 64 from 8 Char|x64
		{0B56BE2A-BF3A-411D-975E-CF6EF6F1B566}.Debug - Parallel 64 from 8 CharA|Win32.ActiveCfg = Debug - Parallel 64 from 8 CharA|Win32
		{0B56BE2A-BF3A-411D-975E-CF6EF6F1B566}.Debug - Parallel 64 from 8 CharA|Win32.Build.0 = Debug - Parallel 64 from 8 CharA|Win32
		{0B56BE2A-BF3A-411D-975E-CF6EF6F1B566}.Debug - Parallel 64 from 8 CharA|x64.ActiveCfg = Debug - Parallel 64 from 8 CharA|x64
		{0B56BE2A-BF3A-411D-975E-CF6EF6F1B566}.Debug - Parallel 64 from 8 CharA|x64.Build.0 = Debug - Parallel 64 from 8 CharA|x64
		{0B56BE2A-BF3A-411D-975E-CF6EF6F1B566}.Debug - Parallel 64 from MMX|Win32.ActiveCfg = Debug - Parallel 64 from MMX|Win32
		{0B56BE2A-BF3A-411D-975E-CF6EF6F1B566}.Debug - Parallel 64 from MMX|Win32.Build.0 = Debug - Parallel 64 from MMX|Win32
		{0B56BE2A-BF3A-411D-975E-CF6EF6F1B566}.Debug - Parallel 64 from MMX|x64.ActiveCfg = Debug - Parallel 64 from MMX|x64
		{0B56BE2A-BF3A-411D-975E-CF6EF6F1B566}.Debug - Parallel 64 from MMX|x64.Build.0 = Debug - Parallel 64 from MMX|x64
		{0B56BE2A-BF3A-411D-975E-CF6EF6F1B566}.Debug_MBCS|Win32.ActiveCfg = Debug - Parallel 128 from SSE2|Win32
		{0B56BE2A-BF3A-411D-975E-CF6EF6F1B566}.Debug_MBCS|x64.ActiveCfg = Debug - Parallel 128 from SSE2|x64
		{0B56BE2A-BF3A-411D-975E-CF6EF6F1B566}.Debug|Win32.ActiveCfg = Debug - Parallel 64 from MMX|Win32
		{0B56BE2A-BF3A-411D-975E-CF6EF6F1B566}.Debug|Win32.Build.0 = Debug - Parallel 64 from MMX|Win32
		{0B56BE2A-BF3A-411D-975E-CF6EF6F1B566}.Debug|x64.ActiveCfg = Debug - Parallel 128 from SSE2|x64
		{0B56BE2A-BF3A-411D-975E-CF6EF6F1B566}.Debug|x64.Build.0 = Debug - Parallel 128 from SSE2|x64
		{0B56BE2A-BF3A-411D-975E-CF6EF6F1B566}.Release - Parallel 128 from 16 Char|Win32.ActiveCfg = Release - Parallel 128 from 16 Char|Win32
		{0B56BE2A-BF3A-411D-975E-CF6EF6F1B566}.Release - Parallel 128 from 16 Char|Win32.Build.0 = Release - Parallel 128 from 16 Char|Win32
		{0B56BE2A-BF3A-411D-975E-CF6EF6F1B566}.Release - Parallel 128 from 16 Char|x64.ActiveCfg = Release - Parallel 128 from 16 Char|x64
		{0B56BE2A-BF3A-411D-975E-CF6EF6F1B566}.Release - Parallel 128 from 16 Char|x64.Build.0 = Release - Parallel 128 from 16 Char|x64
		{0B56BE2A-BF3A-411D-975E-CF6EF6F1B566}.Release - Parallel 128 from 16 CharA|Win32.ActiveCfg = Release - Parallel 128 from 16 CharA|Win32
		{0B56BE2A-BF3A-411D-975E-CF6EF6F1B566}.Release - Parallel 128 from 16 CharA|Win32.Build.0 = Release - Parallel 128 from 16 CharA|Win32
		{0B56BE2A-BF3A-411D-975E-CF6EF6F1B566}.Release - Parallel 128 from 16 CharA|x64.ActiveCfg = Release - Parallel 128 from 16 CharA|x64
		{0B56BE2A-BF3A-411D-975E-CF6EF6F1B566}.Release - Parallel 128 from 16 CharA|x64.Build.0 = Release - Parallel 128 from 16 CharA|x64
		{0B56BE2A-BF3A-411D-975E-CF6EF6F1B566}.Release - Parallel 128 from 2 64 bit Long|Win32.ActiveCfg = Release - Parallel 128 from 2 64 bit Long|Win32
		{0B56BE2A-BF3A-411D-975E-CF6EF6F1B566}.Release - Parallel 128 from 2 64 bit Long|Win32.Build.0 = Release - Parallel 128 from 2 64 bit Long|Win32
		{0B56BE2A-BF3A-411D-975E-CF6EF6F1B566}.Release - Parallel 128 from 2 64 bit Long|x64.ActiveCfg = Release - Parallel 128 from 2 64 bit Long|x64
		{0B56BE2A-BF3A-411D-975E-CF6EF6F1B566}.Release - Parallel 128 from 2 64 bit Long|x64.Build.0 = Release - Parallel 128 from 2 64 bit Long|x64
		{0B56BE2A-BF3A-411D-975E-CF6EF6F1B566}.Release - Parallel 128 from 2 MMX|Win32.ActiveCfg = Release - Parallel 128 from 2 MMX|Win32
		{0B56BE2A-BF3A-411D-975E-CF6EF6F1B566}.Release - Parallel 128 from 2 MMX|Win32.Build.0 = Release - Parallel 128 from 2 MMX|Win32
		{0B56BE2A-BF3A-411D-975E-CF6EF6F1B566}.Release - Parallel 128 from 2 MMX|x64.ActiveCfg = Release - Parallel 128 from 2 MMX|x64
		{0B56BE2A-BF3A-411D-975E-CF6EF6F1B566}.Release - Parallel 128 from 2 MMX|x64.Build.0 = Release - Parallel 128 from 2 MMX|x64
		{0B56BE2A-BF3A-411D-975E-CF6EF6F1B566}.Release - Parallel 128 from 4 Int|Win32.ActiveCfg = Release - Parallel 128 from 4 Int|Win32
		{0B56BE2A-BF3A-411D-975E-CF6EF6F1B566}.Release - Parallel 128 from 4 Int|Win32.Build.0 = Release - Parallel 128 from 4 Int|Win32
		{0B56BE2A-BF3A-411D-975E-CF6EF6F1B566}.Release - Parallel 128 from 4 Int|x64.ActiveCfg = Release - Parallel 128 from 4 Int|x64
		{0B56BE2A-BF3A-411D-975E-CF6EF6F1B566}.Release - Parallel 128 from 4 Int|x64.Build.0 = Release - Parallel 128 from 4 Int|x64
		{0B56BE2A-BF3A-411D-975E-CF6EF6F1B566}.Release - Parallel 128 from SSE|Win32.ActiveCfg = Release - Parallel 128 from SSE|Win32
		{0B56BE2A-BF3A-411D-975E-CF6EF6F1B566}.Release - Parallel 128 from SSE|Win32.Build.0 = Release - Parallel 128 from SSE|Win32
		{0B56BE2A-BF3A-411D-975E-CF6EF6F1B566}.Release - Parallel 128 from SSE|x64.ActiveCfg = Release - Parallel 128 from SSE|x64
		{0B56BE2A-BF3A-411D-975E-CF6EF6F1B566}.Release - Parallel 128 from SSE|x64.Build.0 = Release - Parallel 128 from SSE|x64
		{0B56BE2A-BF3A-411D-975E-CF6EF6F1B566}.Release - Parallel 128 from SSE2|Win32.ActiveCfg = Release - Parallel 128 from SSE2|Win32
		{0B56BE2A-BF3A-411D-975E-CF6EF6F1B566}.Release - Parallel 128 from SSE2|Win32.Build.0 = Release - Parallel 128 from SSE2|Win32
		{0B56BE2A-BF3A-411D-975E-CF6EF6F1B566}.Release - Parallel 128 from SSE2|x64.ActiveCfg = Release - Parallel 128 from SSE2|x64
		{0B56BE2A-BF3A-411D-975E-CF6EF6F1B566}.Release - Parallel 128 from SSE2|x64.Build.0 = Release - Parallel 128 from SSE2|x64
		{0B56BE2A-BF3A-411D-975E-CF6EF6F1B566}.Release - Parallel 32 from 4 Char|Win32.ActiveCfg = Release - Parallel 32 from 4 Char|Win32
		{0B56BE2A-BF3A-411D-975E-CF6EF6F1B566}.Release - Parallel 32 from 4 Char|Win32.Build.0 = Release - Parallel 32 from 4 Char|Win32
		{0B56BE2A-BF3A-411D-975E-CF6EF6F1B566}.Release - Parallel 32 from 4 Char|x64.ActiveCfg = Release - Parallel 32 from 4 Char|x64
		{0B56BE2A-BF3A-411D-975E-CF6EF6F1B566}.Release - Parallel 32 from 4 Char|x64.Build.0 = Release - Parallel 32 from 4 Char|x64
		{0B56BE2A-BF3A-411D-975E-CF6EF6F1B566}.Release - Parallel 32 from 4 CharA|Win32.ActiveCfg = Release - Parallel 32 from 4 CharA|Win32
		{0B56BE2A-BF3A-411D-975E-CF6EF6F1B566}.Release - Parallel 32 from 4 CharA|Win32.Build.0 = Release - Parallel 32 from 4 CharA|Win32
		{0B56BE2A-BF3A-411D-975E-CF6EF6F1B566}.Release - Parallel 32 from 4 CharA|x64.ActiveCfg = Release - Parallel 32 from 4 CharA|x64
		{0B56BE2A-BF3A-411D-975E-CF6EF6F1B566}.Release - Parallel 32 from 4 CharA|x64.Build.0 = Release - Parallel 32 from 4 CharA|x64
		{0B56BE2A-BF3A-411D-975E-CF6EF6F1B566}.Release - Parallel 32 from Int|Win32.ActiveCfg = Release - Parallel 32 from Int|Win32
		{0B56BE2A-BF3A-411D-975E-CF6EF6F1B566}.Release - Parallel 32 from Int|Win32.Build.0 = Release - Parallel 32 from Int|Win32
		{0B56BE2A-BF3A-411D-975E-CF6EF6F1B566}.Release - Parallel 32 from Int|x64.ActiveCfg = Release - Parallel 32 from Int|x64
		{0B56BE2A-BF3A-411D-975E-CF6EF6F1B566}.Release - Parallel 32 from Int|x64.Build.0 = Release - Parallel 32 from Int|x64
		{0B56BE2A-BF3A-411D-975E-CF6EF6F1B566}.Release - Parallel 64 from 2 Int|Win32.ActiveCfg = Release - Parallel 64 from 2 Int|Win32
		{0B56BE2A-BF3A-411D-975E-CF6EF6F1B566}.Release - Parallel 64 from 2 Int|Win32.Build.0 = Release - Parallel 64 from 2 Int|Win32
		{0B56BE2A-BF3A-411D-975E-CF6EF6F1B566}.Release - Parallel 64 from 2 Int|x64.ActiveCfg = Release - Parallel 64 from 2 Int|x64
		{0B56BE2A-BF3A-411D-975E-CF6EF6F1B566}.Release - Parallel 64 from 2 Int|x64.Build.0 = Release - Parallel 64 from 2 Int|x64
		{0B56BE2A-BF3A-411D-975E-CF6EF6F1B566}.Release - Parallel 64 from 64 bit Long|Win32.ActiveCfg = Release - Parallel 64 from 64 bit Long|Win32
		{0B56BE2A-BF3A-411D-975E-CF6EF6F1B566}.Release - Parallel 64 from 64 bit Long|Win32.Build.0 = Release - Parallel 64 from 64 bit Long|Win32
		{0B56BE2A-BF3A-411D-975E-CF6EF6F1B566}.Release - Parallel 64 from 64 bit Long|x64.ActiveCfg = Release - Parallel 64 from 64 bit Long|x64
		{0B56BE2A-BF3A-411D-975E-CF6EF6F1B566}.Release - Parallel 64 from 64 bit Long|x64.Build.0 = Release - Parallel 64 from 64 bit Long|x64
		{0B56BE2A-BF3A-411D-975E-CF6EF6F1B566}.Release - Parallel 64 from 8 Char|Win32.ActiveCfg = Release - Parallel 64 from 8 Char|Win32
		{0B56BE2A-BF3A-411D-975E-CF6EF6F1B566}.Release - Parallel 64 from 8 Char|Win32.Build.0 = Release - Parallel 64 from 8 Char|Win32
		{0B56BE2A-BF3A-411D-975E-CF6EF6F1B566}.Release - Parallel 64 from 8 Char|x64.ActiveCfg = Release - Parallel 64 from 8 Char|x64
		{0B56BE2A-BF3A-411D-975E-CF6EF6F1B566}.Release - Parallel 64 from 8 Char|x64.Build.0 = Release - Parallel 64 from 8 Char|x64
		{0B56BE2A-BF3A-411D-975E-CF6EF6F1B566}.Release - Parallel 64 from 8 CharA|Win32.ActiveCfg = Release - Parallel 64 from 8 CharA|Win32
		{0B56BE2A-BF3A-411D-975E-CF6EF6F1B566}.Release - Parallel 64 from 8 CharA|Win32.Build.0 = Release - Parallel 64 from 8 CharA|Win32
		{0B56BE2A-BF3A-411D-975E-CF6EF6F1B566}.Release - Parallel 64 from 8 CharA|x64.ActiveCfg = Release - Parallel 64 from 8 CharA|x64
		{0B56BE2A-BF3A-411D-975E-CF6EF6F1B566}.Release - Parallel 64 from 8 CharA|x64.Build.0 = Release - Parallel 64 from 8 CharA|x64
		{0B56BE2A-BF3A-411D-975E-CF6EF6F1B566}.Release - Parallel 64 from MMX|Win32.ActiveCfg = Release - Parallel 64 from MMX|Win32
		{0B56BE2A-BF3A-411D-975E-CF6EF6F1B566}.Release - Parallel 64 from MMX|Win32.Build.0 = Release - Parallel 64 from MMX|Win32
		{0B56BE2A-BF3A-411D-975E-CF6EF6F1B566}.Release - Parallel 64 from MMX|x64.ActiveCfg = Release - Parallel 64 from MMX|x64
		{0B56BE2A-BF3A-411D-975E-CF6EF6F1B566}.Release - Parallel 64 from MMX|x64.Build.0 = Release - Parallel 64 from MMX|x64
		{0B56BE2A-BF3A-411D-975E-CF6EF6F1B566}.Release_MBCS|Win32.ActiveCfg = Release - Parallel 128 from SSE2|Win32
		{0B56BE2A-BF3A-411D-975E-CF6EF6F1B566}.Release_MBCS|x64.ActiveCfg = Release - Parallel 128 from SSE2|x64
		{0B56BE2A-BF3A-411D-975E-CF6EF6F1B566}.Release|Win32.ActiveCfg = Release - Parallel 128 from SSE2|Win32
		{0B56BE2A-BF3A-411D-975E-CF6EF6F1B566}.Release|Win32.Build.0 = Release - Parallel 128 from SSE2|Win32
		{0B56BE2A-BF3A-411D-975E-CF6EF6F1B566}.Release|x64.ActiveCfg = Release - Parallel 128 from SSE2|x64
		{0B56BE2A-BF3A-411D-975E-CF6EF6F1B566}.Release|x64.Build.0 = Release - Parallel 128 from SSE2|x64
		{CD1DB5C3-3522-45A7-866B-FA92C6BD6A23}.Debug - Parallel 128 from 16 Char|Win32.ActiveCfg = Debug - Parallel 128 from 16 Char|Win32
		{CD1DB5C3-3522-45A7-866B-FA92C6BD6A23}.Debug - Parallel 128 from 16 Char|Win32.Build.0 = Debug - Parallel 128 from 16 Char|Win32
		{CD1DB5C3-3522-45A7-866B-FA92C6BD6A23}.Debug - Parallel 128 from 16 Char|x64.ActiveCfg = Debug - Parallel 128 from 16 Char|x64
		{CD1DB5C3-3522-45A7-866B-FA92C6BD6A23}.Debug - Parallel 128 from 16 Char|x64.Build.0 = Debug - Parallel 128 from 16 Char|x64
		{CD1DB5C3-3522-45A7-866B-FA92C6BD6A23}.Debug - Parallel 128 from 16 CharA|Win32.ActiveCfg = Debug - Parallel 128 from 16 CharA|Win32
		{CD1DB5C3-3522-45A7-866B-FA92C6BD6A23}.Debug - Parallel 128 from 16 CharA|Win32.Build.0 = Debug - Parallel 128 from 16 CharA|Win32
		{CD1DB5C3-3522-45A7-866B-FA92C6BD6A23}.Debug - Parallel 128 from 16 CharA|x64.ActiveCfg = Debug - Parallel 128 from 16 CharA|x64
		{CD1DB5C3-3522-45A7-866B-FA92C6BD6A23}.Debug - Parallel 128 from 16 CharA|x64.Build.0 = Debug - Parallel 128 from 16 CharA|x64
		{CD1DB5C3-3522-45A7-866B-FA92C6BD6A23}.Debug - Parallel 128 from 2 64 bit Long|Win32.ActiveCfg = Debug - Parallel 128 from 2 64 bit Long|Win32
		{CD1DB5C3-3522-45A7-866B-FA92C6BD6A23}.Debug - Parallel 128 from 2 64 bit Long|Win32.Build.0 = Debug - Parallel 128 from 2 64 bit Long|Win32
		{CD1DB5C3-3522-45A7-866B-FA92C6BD6A23}.Debug - Parallel 128 from 2 64 bit Long|x64.ActiveCfg = Debug - Parallel 128 from 2 64 bit Long|x64
		{CD1DB5C3-3522-45A7-866B-FA92C6BD6A23}.Debug - Parallel 128 from 2 64 bit Long|x64.Build.0 = Debug - Parallel 128 from 2 64 bit Long|x64
		{CD1DB5C3-3522-45A7-866B-FA92C6BD6A23}.Debug - Parallel 128 from 2 MMX|Win32.ActiveCfg = Debug - Parallel 128 from 2 MMX|Win32
		{CD1DB5C3-3522-45A7-866B-FA92C6BD6A23}.Debug - Parallel 128 from 2 MMX|Win32.Build.0 = Debug - Parallel 128 from 2 MMX|Win32
		{CD1DB5C3-3522-45A7-866B-FA92C6BD6A23}.Debug - Parallel 128 from 2 MMX|x64.ActiveCfg = Debug - Parallel 128 from 2 MMX|x64
		{CD1DB5C3-3522-45A7-866B-FA92C6BD6A23}.Debug - Parallel 128 from 2 MMX|x64.Build.0 = Debug - Parallel 128 from 2 MMX|x64
		{CD1DB5C3-3522-45A7-866B-FA92C6BD6A23}.Debug - Parallel 128 from 4 Int|Win32.ActiveCfg = Debug - Parallel 128 from 4 Int|Win32
		{CD1DB5C3-3522-45A7-866B-FA92C6BD6A23}.Debug - Parallel 128 from 4 Int|Win32.Build.0 = Debug - Parallel 128 from 4 Int|Win32
		{CD1DB5C3-3522-45A7-866B-FA92C6BD6A23}.Debug - Parallel 128 from 4 Int|x64.ActiveCfg = Debug - Parallel 128 from 4 Int|x64
		{CD1DB5C3-3522-45A7-866B-FA92C6BD6A23}.Debug - Parallel 128 from 4 Int|x64.Build.0 = Debug - Parallel 128 from 4 Int|x64
		{CD1DB5C3-3522-45A7-866B-FA92C6BD6A23}.Debug - Parallel 128 from SSE|Win32.ActiveCfg = Debug - Parallel 128 from SSE|Win32
		{CD1DB5C3-3522-45A7-866B-FA92C6BD6A23}.Debug - Parallel 128 from SSE|Win32.Build.0 = Debug - Parallel 128 from SSE|Win32
		{CD1DB5C3-3522-45A7-866B-FA92C6BD6A23}.Debug - Parallel 128 from SSE|x64.ActiveCfg = Debug - Parallel 128 from SSE|x64
		{CD1DB5C3-3522-45A7-866B-FA92C6BD6A23}.Debug - Parallel 128 from SSE|x64.Build.0 = Debug - Parallel 128 from SSE|x64
		{CD1DB5C3-3522-45A7-866B-FA92C6BD6A23}.Debug - Parallel 128 from SSE2|Win32.ActiveCfg = Debug - Parallel 128 from SSE2|Win32
		{CD1DB5C3-3522-45A7-866B-FA92C6BD6A23}.Debug - Parallel 128 from SSE2|Win32.Build.0 = Debug - Parallel 128 from SSE2|Win32
		{CD1DB5C3-3522-45A7-866B-FA92C6BD6A23}.Debug - Parallel 128 from SSE2|x64.ActiveCfg = Debug - Parallel 128 from SSE2|x64
		{CD1DB5C3-3522-45A7-866B-FA92C6BD6A23}.Debug - Parallel 128 from SSE2|x64.Build.0 = Debug - Parallel 128 from SSE2|x64
		{CD1DB5C3-3522-45A7-866B-FA92C6BD6A23}.Debug - Parallel 32 from 4 Char|Win32.ActiveCfg = Debug - Parallel 32 from 4 Char|Win32
		{CD1DB5C3-3522-45A7-866B-FA92C6BD6A23}.Debug - Parallel 32 from 4 Char|Win32.Build.0 = Debug - Parallel 32 from 4 Char|Win32
		{CD1DB5C3-3522-45A7-866B-FA92C6BD6A23}.Debug - Parallel 32 from 4 Char|x64.ActiveCfg = Debug - Parallel 32 from 4 Char|x64
		{CD1DB5C3-3522-45A7-866B-FA92C6BD6A23}.Debug - Parallel 32 from 4 Char|x64.Build.0 = Debug - Parallel 32 from 4 Char|x64
		{CD1DB5C3-3522-45A7-866B-FA92C6BD6A23}.Debug - Parallel 32 from 4 CharA|Win32.ActiveCfg = Debug - Parallel 32 from 4 CharA|Win32
		{CD1DB5C3-3522-45A7-866B-FA92C6BD6A23}.Debug - Parallel 32 from 4 CharA|Win32.Build.0 = Debug - Parallel 32 from 4 CharA|Win32
		{CD1DB5C3-3522-45A7-866B-FA92C6BD6A23}.Debug - Parallel 32 from 4 CharA|x64.ActiveCfg = Debug - Parallel 32 from 4 CharA|x64
		{CD1DB5C3-3522-45A7-866B-FA92C6BD6A23}.Debug - Parallel 32 from 4 CharA|x64.Build.0 = Debug - Parallel 32 from 4 CharA|x64
		{CD1DB5C3-3522-45A7-866B-FA92C6BD6A23}.Debug - Parallel 32 from Int|Win32.ActiveCfg = Debug - Parallel 32 from Int|Win32
		{CD1DB5C3-3522-45A7-866B-FA92C6BD6A23}.Debug - Parallel 32 from Int|Win32.Build.0 = Debug - Parallel 32 from Int|Win32
		{CD1DB5C3-3522-45A7-866B-FA92C6BD6A23}.Debug - Parallel 32 from Int|x64.ActiveCfg = Debug - Parallel 32 from Int|x64
		{CD1DB5C3-3522-45A7-866B-FA92C6BD6A23}.Debug - Parallel 32 from Int|x64.Build.0 = Debug - Parallel 32 from Int|x64
		{CD1DB5C3-3522-45A7-866B-FA92C6BD6A23}.Debug - Parallel 64 from 2 Int|Win32.ActiveCfg = Debug - Parallel 64 from 2 Int|Win32
		{CD1DB5C3-3522-45A7-866B-FA92C6BD6A23}.Debug - Parallel 64 from 2 Int|Win32.Build.0 = Debug - Parallel 64 from 2 Int|Win32
		{CD1DB5C3-3522-45A7-866B-FA92C6BD6A23}.Debug - Parallel 64 from 2 Int|x64.ActiveCfg = Debug - Parallel 64 from 2 Int|x64
		{CD1DB5C3-3522-45A7-866B-FA92C6BD6A23}.Debug - Parallel 64 from 2 Int|x64.Build.0 = Debug - Parallel 64 from 2 Int|x64
		{CD1DB5C3-3522-45A7-866B-FA92C6BD6A23}.Debug - Parallel 64 from 64 bit Long|Win32.ActiveCfg = Debug - Parallel 64 from 64 bit Long|Win32
		{CD1DB5C3-3522-45A7-866B-FA92C6BD6A23}.Debug - Parallel 64 from 64 bit Long|Win32.Build.0 = Debug - Parallel 64 from 64 bit Long|Win32
		{CD1DB5C3-3522-45A7-866B-FA92C6BD6A23}.Debug - Parallel 64 from 64 bit Long|x64.ActiveCfg = Debug - Parallel 64 from 64 bit Long|x64
		{CD1DB5C3-3522-45A7-866B-FA92C6BD6A23}.Debug - Parallel 64 from 64 bit Long|x64.Build.0 = Debug - Parallel 64 from 64 bit Long|x64
		{CD1DB5C3-3522-45A7-866B-FA92C6BD6A23}.Debug - Parallel 64 from 8 Char|Win32.ActiveCfg = Debug - Parallel 64 from 8 Char|Win32
		{CD1DB5C3-3522-45A7-866B-FA92C6BD6A23}.Debug - Parallel 64 from 8 Char|Win32.Build.0 = Debug - Parallel 64 from 8 Char|Win32
		{CD1DB5C3-3522-45A7-866B-FA92C6BD6A23}.Debug - Parallel 64 from 8 Char|x64.ActiveCfg = Debug - Parallel 64 from 8 Char|x64
		{CD1DB5C3-3522-45A7-866B-FA92C6BD6A23}.Debug - Parallel 64 from 8 Char|x64.Build.0 = Debug - Parallel 64 from 8 Char|x64
		{CD1DB5C3-3522-45A7-866B-FA92C6BD6A23}.Debug - Parallel 64 from 8 CharA|Win32.ActiveCfg = Debug - Parallel 64 from 8 CharA|Win32
		{CD1DB5C3-3522-45A7-866B-FA92C6BD6A23}.Debug - Parallel 64 from 8 CharA|Win32.Build.0 = Debug - Parallel 64 from 8 CharA|Win32
		{CD1DB5C3-3522-45A7-866B-FA92C6BD6A23}.Debug - Parallel 64 from 8 CharA|x64.ActiveCfg = Debug - Parallel 64 from 8 CharA|x64
		{CD1DB5C3-3522-45A7-866B-FA92C6BD6A23}.Debug - Parallel 64 from 8 CharA|x64.Build.0 = Debug - Parallel 64 from 8 CharA|x64
		{CD1DB5C3-3522-45A7-866B-FA92C6BD6A23}.Debug - Parallel 64 from MMX|Win32.ActiveCfg = Debug - Parallel 64 from MMX|Win32
		{CD1DB5C3-3522-45A7-866B-FA92C6BD6A23}.Debug - Parallel 64 from MMX|Win32.Build.0 = Debug - Parallel 64 from MMX|Win32
		{CD1DB5C3-3522-45A7-866B-FA92C6BD6A23}.Debug - Parallel 64 from MMX|x64.ActiveCfg = Debug - Parallel 64 from MMX|x64
		{CD1DB5C3-3522-45A7-866B-FA92C6BD6A23}.Debug - Parallel 64 from MMX|x64.Build.0 = Debug - Parallel 64 from MMX|x64
		{CD1DB5C3-3522-45A7-866B-FA92C6BD6A23}.Debug_MBCS|Win32.ActiveCfg = Debug - Parallel 128 from SSE2|Win32
		{CD1DB5C3-3522-45A7-866B-FA92C6BD6A23}.Debug_MBCS|x64.ActiveCfg = Debug - Parallel 128 from SSE2|x64
		{CD1DB5C3-3522-45A7-866B-FA92C6BD6A23}.Debug|Win32.ActiveCfg = Debug - Parallel 64 from MMX|Win32
		{CD1DB5C3-3522-45A7-866B-FA92C6BD6A23}.Debug|x64.ActiveCfg = Debug - Parallel 128 from SSE2|x64
		{CD1DB5C3-3522-45A7-866B-FA92C6BD6A23}.Debug|x64.Build.0 = Debug - Parallel 128 from SSE2|x64
		{CD1DB5C3-3522-45A7-866B-FA92C6BD6A23}.Release - Parallel 128 from 16 Char|Win32.ActiveCfg = Release - Parallel 128 from 16 Char|Win32
		{CD1DB5C3-3522-45A7-866B-FA92C6BD6A23}.Release - Parallel 128 from 16 Char|Win32.Build.0 = Release - Parallel 128 from 16 Char|Win32
		{CD1DB5C3-3522-45A7-866B-FA92C6BD6A23}.Release - Parallel 128 from 16 Char|x64.ActiveCfg = Release - Parallel 128 from 16 Char|x64
		{CD1DB5C3-3522-45A7-866B-FA92C6BD6A23}.Release - Parallel 128 from 16 Char|x64.Build.0 = Release - Parallel 128 from 16 Char|x64
		{CD1DB5C3-3522-45A7-866B-FA92C6BD6A23}.Release - Parallel 128 from 16 CharA|Win32.ActiveCfg = Release - Parallel 128 from 16 CharA|Win32
		{CD1DB5C3-3522-45A7-866B-FA92C6BD6A23}.Release - Parallel 128 from 16 CharA|Win32.Build.0 = Release - Parallel 128 from 16 CharA|Win32
		{CD1DB5C3-3522-45A7-866B-FA92C6BD6A23}.Release - Parallel 128 from 16 CharA|x64.ActiveCfg = Release - Parallel 128 from 16 CharA|x64
		{CD1DB5C3-3522-45A7-866B-FA92C6BD6A23}.Release - Parallel 128 from 16 CharA|x64.Build.0 = Release - Parallel 128 from 16 CharA|x64
		{CD1DB5C3-3522-45A7-866B-FA92C6BD6A23}.Release - Parallel 128 from 2 64 bit Long|Win32.ActiveCfg = Release - Parallel 128 from 2 64 bit Long|Win32
		{CD1DB5C3-3522-45A7-866B-FA92C6BD6A23}.Release - Parallel 128 from 2 64 bit Long|Win32.Build.0 = Release - Parallel 128 from 2 64 bit Long|Win32
		{CD1DB5C3-3522-45A7-866B-FA92C6BD6A23}.Release - Parallel 128 from 2 64 bit Long|x64.ActiveCfg = Release - Parallel 128 from 2 64 bit Long|x64
		{CD1DB5C3-3522-45A7-866B-FA92C6BD6A23}.Release - Parallel 128 from 2 64 bit Long|x64.Build.0 = Release - Parallel 128 from 2 64 bit Long|x64
		{CD1DB5C3-3522-45A7-866B-FA92C6BD6A23}.Release - Parallel 128 from 2 MMX|Win32.ActiveCfg = Release - Parallel 128 from 2 MMX|Win32
		{CD1DB5C3-3522-45A7-866B-FA92C6BD6A23}.Release - Parallel 128 from 2 MMX|Win32.Build.0 = Release - Parallel 128 from 2 MMX|Win32
		{CD1DB5C3-3522-45A7-866B-FA92C6BD6A23}.Release - Parallel 128 from 2 MMX|x64.ActiveCfg = Release - Parallel 128 from 2 MMX|x64
		{CD1DB5C3-3522-45A7-866B-FA92C6BD6A23}.Release - Parallel 128 from 2 MMX|x64.Build.0 = Release - Parallel 128 from 2 MMX|x64
		{CD1DB5C3-3522-45A7-866B-FA92C6BD6A23}.Release - Parallel 128 from 4 Int|Win32.ActiveCfg = Release - Parallel 128 from 4 Int|Win32
		{CD1DB5C3-3522-45A7-866B-FA92C6BD6A23}.Release - Parallel 128 from 4 Int|Win32.Build.0 = Release - Parallel 128 from 4 Int|Win32
		{CD1DB5C3-3522-45A7-866B-FA92C6BD6A23}.Release - Parallel 128 from 4 Int|x64.ActiveCfg = Release - Parallel 128 from 4 Int|x64
		{CD1DB5C3-3522-45A7-866B-FA92C6BD6A23}.Release - Parallel 128 from 4 Int|x64.Build.0 = Release - Parallel 128 from 4 Int|x64
		{CD1DB5C3-3522-45A7-866B-FA92C6BD6A23}.Release - Parallel 128 from SSE|Win32.ActiveCfg = Release - Parallel 128 from SSE|Win32
		{CD1DB5C3-3522-45A7-866B-FA92C6BD6A23}.Release - Parallel 128 from SSE|Win32.Build.0 = Release - Parallel 128 from SSE|Win32
		{CD1DB5C3-3522-45A7-866B-FA92C6BD6A23}.Release - Parallel 128 from SSE|x64.ActiveCfg = Release - Parallel 128 from SSE|x64
		{CD1DB5C3-3522-45A7-866B-FA92C6BD6A23}.Release - Parallel 128 from SSE|x64.Build.0 = Release - Parallel 128 from SSE|x64
		{CD1DB5C3-3522-45A7-866B-FA92C6BD6A23}.Release - Parallel 128 from SSE2|Win32.ActiveCfg = Release - Parallel 128 from SSE2|Win32
		{CD1DB5C3-3522-45A7-866B-FA92C6BD6A23}.Release - Parallel 128 from SSE2|Win32.Build.0 = Release - Parallel 128 from SSE2|Win32
		{CD1DB5C3-3522-45A7-866B-FA92C6BD6A23}.Release - Parallel 128 from SSE2|x64.ActiveCfg = Release - Parallel 128 from SSE2|x64
		{CD1DB5C3-3522-45A7-866B-FA92C6BD6A23}.Release - Parallel 128 from SSE2|x64.Build.0 = Release - Parallel 128 from SSE2|x64
		{CD1DB5C3-3522-45A7-866B-FA92C6BD6A23}.Release - Parallel 32 from 4 Char|Win32.ActiveCfg = Release - Parallel 32 from 4 Char|Win32
		{CD1DB5C3-3522-45A7-866B-FA92C6BD6A23}.Release - Parallel 32 from 4 Char|Win32.Build.0 = Release - Parallel 32 from 4 Char|Win32
		{CD1DB5C3-3522-45A7-866B-FA92C6BD6A23}.Release - Parallel 32 from 4 Char|x64.ActiveCfg = Release - Parallel 32 from 4 Char|x64
		{CD1DB5C3-3522-45A7-866B-FA92C6BD6A23}.Release - Parallel 32 from 4 Char|x64.Build.0 = Release - Parallel 32 from 4 Char|x64
		{CD1DB5C3-3522-45A7-866B-FA92C6BD6A23}.Release - Parallel 32 from 4 CharA|Win32.ActiveCfg = Release - Parallel 32 from 4 CharA|Win32
		{CD1DB5C3-3522-45A7-866B-FA92C6BD6A23}.Release - Parallel 32 from 4 CharA|Win32.Build.0 = Release - Parallel 32 from 4 CharA|Win32
		{CD1DB5C3-3522-45A7-866B-FA92C6BD6A23}.Release - Parallel 32 from 4 CharA|x64.ActiveCfg = Release - Parallel 32 from 4 CharA|x64
		{CD1DB5C3-3522-45A7-866B-FA92C6BD6A23}.Release - Parallel 32 from 4 CharA|x64.Build.0 = Release - Parallel 32 from 4 CharA|x64
		{CD1DB5C3-3522-45A7-866B-FA92C6BD6A23}.Release - Parallel 32 from Int|Win32.ActiveCfg = Release - Parallel 32 from Int|Win32
		{CD1DB5C3-3522-45A7-866B-FA92C6BD6A23}.Release - Parallel 32 from Int|Win32.Build.0 = Release - Parallel 32 from Int|Win32
		{CD1DB5C3-3522-45A7-866B-FA92C6BD6A23}.Release - Parallel 32 from Int|x64.ActiveCfg = Release - Parallel 32 from Int|x64
		{CD1DB5C3-3522-45A7-866B-FA92C6BD6A23}.Release - Parallel 32 from Int|x64.Build.0 = Release - Parallel 32 from Int|x64
		{CD1DB5C3-3522-45A7-866B-FA92C6BD6A23}.Release - Parallel 64 from 2 Int|Win32.ActiveCfg = Release - Parallel 64 from 2 Int|Win32
		{CD1DB5C3-3522-45A7-866B-FA92C6BD6A23}.Release - Parallel 64 from 2 Int|Win32.Build.0 = Release - Parallel 64 from 2 Int|Win32
		{CD1DB5C3-3522-45A7-866B-FA92C6BD6A23}.Release - Parallel 64 from 2 Int|x64.ActiveCfg = Release - Parallel 64 from 2 Int|x64
		{CD1DB5C3-3522-45A7-866B-FA92C6BD6A23}.Release - Parallel 64 from 2 Int|x64.Build.0 = Release - Parallel 64 from 2 Int|x64
		{CD1DB5C3-3522-45A7-866B-FA92C6BD6A23}.Release - Parallel 64 from 64 bit Long|Win32.ActiveCfg = Release - Parallel 64 from 64 bit Long|Win32
		{CD1DB5C3-3522-45A7-866B-FA92C6BD6A23}.Release - Parallel 64 from 64 bit Long|Win32.Build.0 = Release - Parallel 64 from 64 bit Long|Win32
		{CD1DB5C3-3522-45A7-866B-FA92C6BD6A23}.Release - Parallel 64 from 64 bit Long|x64.ActiveCfg = Release - Parallel 64 from 64 bit Long|x64
		{CD1DB5C3-3522-45A7-866B-FA92C6BD6A23}.Release - Parallel 64 from 64 bit Long|x64.Build.0 = Release - Parallel 64 from 64 bit Long|x64
		{CD1DB5C3-3522-45A7-866B-FA92C6BD6A23}.Release - Parallel 64 from 8 Char|Win32.ActiveCfg = Release - Parallel 64 from 8 Char|Win32
		{CD1DB5C3-3522-45A7-866B-FA92C6BD6A23}.Release - Parallel 64 from 8 Char|Win32.Build.0 = Release - Parallel 64 from 8 Char|Win32
		{CD1DB5C3-3522-45A7-866B-FA92C6BD6A23}.Release - Parallel 64 from 8 Char|x64.ActiveCfg = Release - Parallel 64 from 8 Char|x64
		{CD1DB5C3-3522-45A7-866B-FA92C6BD6A23}.Release - Parallel 64 from 8 Char|x64.Build.0 = Release - Parallel 64 from 8 Char|x64
		{CD1DB5C3-3522-45A7-866B-FA92C6BD6A23}.Release - Parallel 64 from 8 CharA|Win32.ActiveCfg = Release - Parallel 64 from 8 CharA|Win32
		{CD1DB5C3-3522-45A7-866B-FA92C6BD6A23}.Release - Parallel 64 from 8 CharA|Win32.Build.0 = Release - Parallel 64 from 8 CharA|Win32
		{CD1DB5C3-3522-45A7-866B-FA92C6BD6A23}.Release - Parallel 64 from 8 CharA|x64.ActiveCfg = Release - Parallel 64 from 8 CharA|x64
		{CD1DB5C3-3522-45A7-866B-FA92C6BD6A23}.Release - Parallel 64 from 8 CharA|x64.Build.0 = Release - Parallel 64 from 8 CharA|x64
		{CD1DB5C3-3522-45A7-866B-FA92C6BD6A23}.Release - Parallel 64 from MMX|Win32.ActiveCfg = Release - Parallel 64 from MMX|Win32
		{CD1DB5C3-3522-45A7-866B-FA92C6BD6A23}.Release - Parallel 64 from MMX|Win32.Build.0 = Release - Parallel 64 from MMX|Win32
		{CD1DB5C3-3522-45A7-866B-FA92C6BD6A23}.Release - Parallel 64 from MMX|x64.ActiveCfg = Release - Parallel 64 from MMX|x64
		{CD1DB5C3-3522-45A7-866B-FA92C6BD6A23}.Release - Parallel 64 from MMX|x64.Build.0 = Release - Parallel 64 from MMX|x64
		{CD1DB5C3-3522-45A7-866B-FA92C6BD6A23}.Release_MBCS|Win32.ActiveCfg = Release - Parallel 128 from SSE2|Win32
		{CD1DB5C3-3522-45A7-866B-FA92C6BD6A23}.Release_MBCS|x64.ActiveCfg = Release - Parallel 128 from SSE2|x64
		{CD1DB5C3-3522-45A7-866B-FA92C6BD6A23}.Release|Win32.ActiveCfg = Release - Parallel 128 from SSE2|Win32
		{CD1DB5C3-3522-45A7-866B-FA92C6BD6A23}.Release|x64.ActiveCfg = Release - Parallel 128 from SSE2|x64
		{CD1DB5C3-3522-45A7-866B-FA92C6BD6A23}.Release|x64.Build.0 = Release - Parallel 128 from SSE2|x64
		{E8A3F6FA-AE1C-4C8E-A0B6-9C8480324EAA}.Debug - Parallel 128 from 16 Char|Win32.ActiveCfg = Debug_MBCS|Win32
		{E8A3F6FA-AE1C-4C8E-A0B6-9C8480324EAA}.Debug - Parallel 128 from 16 Char|x64.ActiveCfg = Debug_MBCS|x64
		{E8A3F6FA-AE1C-4C8E-A0B6-9C8480324EAA}.Debug - Parallel 128 from 16 CharA|Win32.ActiveCfg = Debug_MBCS|Win32
		{E8A3F6FA-AE1C-4C8E-A0B6-9C8480324EAA}.Debug - Parallel 128 from 16 CharA|x64.ActiveCfg = Debug_MBCS|x64
		{E8A3F6FA-AE1C-4C8E-A0B6-9C8480324EAA}.Debug - Parallel 128 from 2 64 bit Long|Win32.ActiveCfg = Debug_MBCS|Win32
		{E8A3F6FA-AE1C-4C8E-A0B6-9C8480324EAA}.Debug - Parallel 128 from 2 64 bit Long|x64.ActiveCfg = Debug_MBCS|x64
		{E8A3F6FA-AE1C-4C8E-A0B6-9C8480324EAA}.Debug - Parallel 128 from 2 MMX|Win32.ActiveCfg = Debug_MBCS|Win32
		{E8A3F6FA-AE1C-4C8E-A0B6-9C8480324EAA}.Debug - Parallel 128 from 2 MMX|x64.ActiveCfg = Debug_MBCS|x64
		{E8A3F6FA-AE1C-4C8E-A0B6-9C8480324EAA}.Debug - Parallel 128 from 4 Int|Win32.ActiveCfg = Debug_MBCS|Win32
		{E8A3F6FA-AE1C-4C8E-A0B6-9C8480324EAA}.Debug - Parallel 128 from 4 Int|x64.ActiveCfg = Debug_MBCS|x64
		{E8A3F6FA-AE1C-4C8E-A0B6-9C8480324EAA}.Debug - Parallel 128 from SSE|Win32.ActiveCfg = Debug_MBCS|Win32
		{E8A3F6FA-AE1C-4C8E-A0B6-9C8480324EAA}.Debug - Parallel 128 from SSE|x64.ActiveCfg = Debug_MBCS|x64
		{E8A3F6FA-AE1C-4C8E-A0B6-9C8480324EAA}.Debug - Parallel 128 from SSE2|Win32.ActiveCfg = Debug_MBCS|Win32
		{E8A3F6FA-AE1C-4C8E-A0B6-9C8480324EAA}.Debug - Parallel 128 from SSE2|x64.ActiveCfg = Debug_MBCS|x64
		{E8A3F6FA-AE1C-4C8E-A0B6-9C8480324EAA}.Debug - Parallel 32 from 4 Char|Win32.ActiveCfg = Debug_MBCS|Win32
		{E8A3F6FA-AE1C-4C8E-A0B6-9C8480324EAA}.Debug - Parallel 32 from 4 Char|x64.ActiveCfg = Debug_MBCS|x64
		{E8A3F6FA-AE1C-4C8E-A0B6-9C8480324EAA}.Debug - Parallel 32 from 4 CharA|Win32.ActiveCfg = Debug_MBCS|Win32
		{E8A3F6FA-AE1C-4C8E-A0B6-9C8480324EAA}.Debug - Parallel 32 from 4 CharA|x64.ActiveCfg = Debug_MBCS|x64
		{E8A3F6FA-AE1C-4C8E-A0B6-9C8480324EAA}.Debug - Parallel 32 from Int|Win32.ActiveCfg = Debug_MBCS|Win32
		{E8A3F6FA-AE1C-4C8E-A0B6-9C8480324EAA}.Debug - Parallel 32 from Int|x64.ActiveCfg = Debug_MBCS|x64
		{E8A3F6FA-AE1C-4C8E-A0B6-9C8480324EAA}.Debug - Parallel 64 from 2 Int|Win32.ActiveCfg = Debug_MBCS|Win32
		{E8A3F6FA-AE1C-4C8E-A0B6-9C8480324EAA}.Debug - Parallel 64 from 2 Int|x64.ActiveCfg = Debug_MBCS|x64
		{E8A3F6FA-AE1C-4C8E-A0B6-9C8480324EAA}.Debug - Parallel 64 from 64 bit Long|Win32.ActiveCfg = Debug_MBCS|Win32
		{E8A3F6FA-AE1C-4C8E-A0B6-9C8480324EAA}.Debug - Parallel 64 from 64 bit Long|x64.ActiveCfg = Debug_MBCS|x64
		{E8A3F6FA-AE1C-4C8E-A0B6-9C8480324EAA}.Debug - Parallel 64 from 8 Char|Win32.ActiveCfg = Debug_MBCS|Win32
		{E8A3F6FA-AE1C-4C8E-A0B6-9C8480324EAA}.Debug - Parallel 64 from 8 Char|x64.ActiveCfg = Debug_MBCS|x64
		{E8A3F6FA-AE1C-4C8E-A0B6-9C8480324EAA}.Debug - Parallel 64 from 8 CharA|Win32.ActiveCfg = Debug_MBCS|Win32
		{E8A3F6FA-AE1C-4C8E-A0B6-9C8480324EAA}.Debug - Parallel 64 from 8 CharA|x64.ActiveCfg = Debug_MBCS|x64
		{E8A3F6FA-AE1C-4C8E-A0B6-9C8480324EAA}.Debug - Parallel 64 from MMX|Win32.ActiveCfg = Debug_MBCS|Win32
		{E8A3F6FA-AE1C-4C8E-A0B6-9C8480324EAA}.Debug - Parallel 64 from MMX|x64.ActiveCfg = Debug_MBCS|x64
		{E8A3F6FA-AE1C-4C8E-A0B6-9C8480324EAA}.Debug_MBCS|Win32.ActiveCfg = Debug_MBCS|Win32
		{E8A3F6FA-AE1C-4C8E-A0B6-9C8480324EAA}.Debug_MBCS|Win32.Build.0 = Debug_MBCS|Win32
		{E8A3F6FA-AE1C-4C8E-A0B6-9C8480324EAA}.Debug_MBCS|x64.ActiveCfg = Debug_MBCS|x64
		{E8A3F6FA-AE1C-4C8E-A0B6-9C8480324EAA}.Debug_MBCS|x64.Build.0 = Debug_MBCS|x64
		{E8A3F6FA-AE1C-4C8E-A0B6-9C8480324EAA}.Debug|Win32.ActiveCfg = Debug_MBCS|Win32
		{E8A3F6FA-AE1C-4C8E-A0B6-9C8480324EAA}.Debug|Win32.Build.0 = Debug_MBCS|Win32
		{E8A3F6FA-AE1C-4C8E-A0B6-9C8480324EAA}.Debug|x64.ActiveCfg = Debug|x64
		{E8A3F6FA-AE1C-4C8E-A0B6-9C8480324EAA}.Debug|x64.Build.0 = Debug|x64
		{E8A3F6FA-AE1C-4C8E-A0B6-9C8480324EAA}.Release - Parallel 128 from 16 Char|Win32.ActiveCfg = Release_MBCS|Win32
		{E8A3F6FA-AE1C-4C8E-A0B6-9C8480324EAA}.Release - Parallel 128 from 16 Char|x64.ActiveCfg = Release_MBCS|x64
		{E8A3F6FA-AE1C-4C8E-A0B6-9C8480324EAA}.Release - Parallel 128 from 16 CharA|Win32.ActiveCfg = Release_MBCS|Win32
		{E8A3F6FA-AE1C-4C8E-A0B6-9C8480324EAA}.Release - Parallel 128 from 16 CharA|x64.ActiveCfg = Release_MBCS|x64
		{E8A3F6FA-AE1C-4C8E-A0B6-9C8480324EAA}.Release - Parallel 128 from 2 64 bit Long|Win32.ActiveCfg = Release_MBCS|Win32
		{E8A3F6FA-AE1C-4C8E-A0B6-9C8480324EAA}.Release - Parallel 128 from 2 64 bit Long|x64.ActiveCfg = Release_MBCS|x64
		{E8A3F6FA-AE1C-4C8E-A0B6-9C8480324EAA}.Release - Parallel 128 from 2 MMX|Win32.ActiveCfg = Release_MBCS|Win32
		{E8A3F6FA-AE1C-4C8E-A0B6-9C8480324EAA}.Release - Parallel 128 from 2 MMX|x64.ActiveCfg = Release_MBCS|x64
		{E8A3F6FA-AE1C-4C8E-A0B6-9C8480324EAA}.Release - Parallel 128 from 4 Int|Win32.ActiveCfg = Release_MBCS|Win32
		{E8A3F6FA-AE1C-4C8E-A0B6-9C8480324EAA}.Release - Parallel 128 from 4 Int|x64.ActiveCfg = Release_MBCS|x64
		{E8A3F6FA-AE1C-4C8E-A0B6-9C8480324EAA}.Release - Parallel 128 from SSE|Win32.ActiveCfg = Release_MBCS|Win32
		{E8A3F6FA-AE1C-4C8E-A0B6-9C8480324EAA}.Release - Parallel 128 from SSE|x64.ActiveCfg = Release_MBCS|x64
		{E8A3F6FA-AE1C-4C8E-A0B6-9C8480324EAA}.Release - Parallel 128 from SSE2|Win32.ActiveCfg = Release_MBCS|Win32
		{E8A3F6FA-AE1C-4C8E-A0B6-9C8480324EAA}.Release - Parallel 128 from SSE2|x64.ActiveCfg = Release_MBCS|x64
		{E8A3F6FA-AE1C-4C8E-A0B6-9C8480324EAA}.Release - Parallel 32 from 4 Char|Win32.ActiveCfg = Release_MBCS|Win32
		{E8A3F6FA-AE1C-4C8E-A0B6-9C8480324EAA}.Release - Parallel 32 from 4 Char|x64.ActiveCfg = Release_MBCS|x64
		{E8A3F6FA-AE1C-4C8E-A0B6-9C8480324EAA}.Release - Parallel 32 from 4 CharA|Win32.ActiveCfg = Release_MBCS|Win32
		{E8A3F6FA-AE1C-4C8E-A0B6-9C8480324EAA}.Release - Parallel 32 from 4 CharA|x64.ActiveCfg = Release_MBCS|x64
		{E8A3F6FA-AE1C-4C8E-A0B6-9C8480324EAA}.Release - Parallel 32 from Int|Win32.ActiveCfg = Release_MBCS|Win32
		{E8A3F6FA-AE1C-4C8E-A0B6-9C8480324EAA}.Release - Parallel 32 from Int|x64.ActiveCfg = Release_MBCS|x64
		{E8A3F6FA-AE1C-4C8E-A0B6-9C8480324EAA}.Release - Parallel 64 from 2 Int|Win32.ActiveCfg = Release_MBCS|Win32
		{E8A3F6FA-AE1C-4C8E-A0B6-9C8480324EAA}.Release - Parallel 64 from 2 Int|x64.ActiveCfg = Release_MBCS|x64
		{E8A3F6FA-AE1C-4C8E-A0B6-9C8480324EAA}.Release - Parallel 64 from 64 bit Long|Win32.ActiveCfg = Release_MBCS|Win32
		{E8A3F6FA-AE1C-4C8E-A0B6-9C8480324EAA}.Release - Parallel 64 from 64 bit Long|x64.ActiveCfg = Release_MBCS|x64
		{E8A3F6FA-AE1C-4C8E-A0B6-9C8480324EAA}.Release - Parallel 64 from 8 Char|Win32.ActiveCfg = Release_MBCS|Win32
		{E8A3F6FA-AE1C-4C8E-A0B6-9C8480324EAA}.Release - Parallel 64 from 8 Char|x64.ActiveCfg = Release_MBCS|x64
		{E8A3F6FA-AE1C-4C8E-A0B6-9C8480324EAA}.Release - Parallel 64 from 8 CharA|Win32.ActiveCfg = Release_MBCS|Win32
		{E8A3F6FA-AE1C-4C8E-A0B6-9C8480324EAA}.Release - Parallel 64 from 8 CharA|x64.ActiveCfg = Release_MBCS|x64
		{E8A3F6FA-AE1C-4C8E-A0B6-9C8480324EAA}.Release - Parallel 64 from MMX|Win32.ActiveCfg = Release_MBCS|Win32
		{E8A3F6FA-AE1C-4C8E-A0B6-9C8480324EAA}.Release - Parallel 64 from MMX|x64.ActiveCfg = Release_MBCS|x64
		{E8A3F6FA-AE1C-4C8E-A0B6-9C8480324EAA}.Release_MBCS|Win32.ActiveCfg = Release_MBCS|Win32
		{E8A3F6FA-AE1C-4C8E-A0B6-9C8480324EAA}.Release_MBCS|Win32.Build.0 = Release_MBCS|Win32
		{E8A3F6FA-AE1C-4C8E-A0B6-9C8480324EAA}.Release_MBCS|x64.ActiveCfg = Release_MBCS|x64
		{E8A3F6FA-AE1C-4C8E-A0B6-9C8480324EAA}.Release_MBCS|x64.Build.0 = Release_MBCS|x64
		{E8A3F6FA-AE1C-4C8E-A0B6-9C8480324EAA}.Release|Win32.ActiveCfg = Release_MBCS|Win32
		{E8A3F6FA-AE1C-4C8E-A0B6-9C8480324EAA}.Release|Win32.Build.0 = Release_MBCS|Win32
		{E8A3F6FA-AE1C-4C8E-A0B6-9C8480324EAA}.Release|x64.ActiveCfg = Release_MBCS|x64
		{E8A3F6FA-AE1C-4C8E-A0B6-9C8480324EAA}.Release|x64.Build.0 = Release_MBCS|x64
	EndGlobalSection
	GlobalSection(SolutionProperties) = preSolution
		HideSolutionNode = FALSE
	EndGlobalSection
EndGlobal
